PODS:
  - SwiftLint (0.46.5)
  - Swinject (2.8.1)

DEPENDENCIES:
  - SwiftLint
  - Swinject

SPEC REPOS:
  trunk:
    - SwiftLint
    - Swinject

SPEC CHECKSUMS:
  SwiftLint: 2c16e8fa99dac2e440dc0c70ea74d2532048f6cf
  Swinject: 97112918bd7e0785dc2df7036213f3c8cbba6586

PODFILE CHECKSUM: 8e74e59a5b5ec9874880302732aa148a9add63ad

COCOAPODS: 1.11.3
