// !$*UTF8*$!
{
	archiveVersion = 1;
	classes = {
	};
	objectVersion = 46;
	objects = {

/* Begin PBXBuildFile section */
		5FD843270ADFE44F70549EB6 /* Pods_Boilerplate.framework in Frameworks */ = {isa = PBXBuildFile; fileRef = 6D2C33650E750F49CE4BD418 /* Pods_Boilerplate.framework */; };
		6C3F79FEFA8042B8E248C756 /* Pods_Boilerplate_BoilerplateUITests.framework in Frameworks */ = {isa = PBXBuildFile; fileRef = 0A3FE457EAC93F0795DE86BF /* Pods_Boilerplate_BoilerplateUITests.framework */; };
		DA720705BF00AB21DB1E854A /* RestAPI.swift in Sources */ = {isa = PBXBuildFile; fileRef = DA72269125FB2B4C983B6839 /* RestAPI.swift */; };
		DA72548E69EB1A4720706470 /* .swiftlint.yml in Resources */ = {isa = PBXBuildFile; fileRef = DA725D3F3594537780BA6642 /* .swiftlint.yml */; };
		DA7276168645959D199F34AF /* AuthRepository.swift in Sources */ = {isa = PBXBuildFile; fileRef = DA7EBA9BAC41237D6DE00891 /* AuthRepository.swift */; };
		DA72796D5671083818C4302F /* LoginBody.swift in Sources */ = {isa = PBXBuildFile; fileRef = DA7D10DC239F04BD47FDDECA /* LoginBody.swift */; };
		DA728733BCDC2791FA77B0E3 /* Assets.xcassets in Resources */ = {isa = PBXBuildFile; fileRef = DA745D08BE3AA28494AFA5E5 /* Assets.xcassets */; };
		DA7327F1DDF48A78553A8D6E /* README.md in Sources */ = {isa = PBXBuildFile; fileRef = DA729A66F0485B07F34CEA70 /* README.md */; };
		DA7430029B656E79E8B6E4DD /* RestAPI.swift in Sources */ = {isa = PBXBuildFile; fileRef = DA72269125FB2B4C983B6839 /* RestAPI.swift */; };
		DA74B312DB10260790C95A15 /* LoginBody.swift in Sources */ = {isa = PBXBuildFile; fileRef = DA7D10DC239F04BD47FDDECA /* LoginBody.swift */; };
		DA752F50DB033921FC5AAFAA /* .gitignore in Resources */ = {isa = PBXBuildFile; fileRef = DA7FC743E2E545E7483B3FDE /* .gitignore */; };
		DA758E346BF0A43C9EC2C12B /* NetworkResult.swift in Sources */ = {isa = PBXBuildFile; fileRef = DA73EAC9E3BAE38A41DA453A /* NetworkResult.swift */; };
		DA7604A8B5E182269F7248F7 /* Preview Assets.xcassets in Resources */ = {isa = PBXBuildFile; fileRef = DA79869624FAE12C10E9614E /* Preview Assets.xcassets */; };
		DA760D531847A7ADDA188397 /* .gitignore in Resources */ = {isa = PBXBuildFile; fileRef = DA7FC743E2E545E7483B3FDE /* .gitignore */; };
		DA76294764CFE040296A6D47 /* LoginView.swift in Sources */ = {isa = PBXBuildFile; fileRef = DA78CBBF27D2204F590B8131 /* LoginView.swift */; };
		DA7632FBB9E49EA193DC76EF /* ContentView.swift in Sources */ = {isa = PBXBuildFile; fileRef = DA77815E12E4657CDB768E89 /* ContentView.swift */; };
		DA763D2CF10651718B12A09E /* User.swift in Sources */ = {isa = PBXBuildFile; fileRef = DA7A855688A7C5B99B6C0AF9 /* User.swift */; };
		DA76E1847A3A96E4D4DDF249 /* BoilerplateApp.swift in Sources */ = {isa = PBXBuildFile; fileRef = DA7DE31DBFB7ECBD8BD494F6 /* BoilerplateApp.swift */; };
		DA78EB2E098C2DAFCDF27131 /* AuthRepository.swift in Sources */ = {isa = PBXBuildFile; fileRef = DA7EBA9BAC41237D6DE00891 /* AuthRepository.swift */; };
		DA796B46816304DB376D0F7D /* README.md in Sources */ = {isa = PBXBuildFile; fileRef = DA729A66F0485B07F34CEA70 /* README.md */; };
		DA79E3A1F5D435E19FF7E47B /* BoilerplateUITests.swift in Sources */ = {isa = PBXBuildFile; fileRef = DA7810A60FF7890A5C7A591D /* BoilerplateUITests.swift */; };
		DA7AE80049D8467AD108B740 /* User.swift in Sources */ = {isa = PBXBuildFile; fileRef = DA7A855688A7C5B99B6C0AF9 /* User.swift */; };
		DA7B5B0AD98AA2B6D13315CB /* BoilerplateRestAPI.swift in Sources */ = {isa = PBXBuildFile; fileRef = DA711A13ACAB725788CCB59B /* BoilerplateRestAPI.swift */; };
		DA7BB5739317543F53048762 /* User.swift in Sources */ = {isa = PBXBuildFile; fileRef = DA7A855688A7C5B99B6C0AF9 /* User.swift */; };
		DA7C1653A718F0A243568EC3 /* NetworkResult.swift in Sources */ = {isa = PBXBuildFile; fileRef = DA73EAC9E3BAE38A41DA453A /* NetworkResult.swift */; };
		DA7C810ECB25844836FFB16C /* LoginBody.swift in Sources */ = {isa = PBXBuildFile; fileRef = DA7D10DC239F04BD47FDDECA /* LoginBody.swift */; };
		DA7D872EBAB6FAD34458D18E /* BoilerplateUITestsLaunchTests.swift in Sources */ = {isa = PBXBuildFile; fileRef = DA7D20EF37ED1715C87864EB /* BoilerplateUITestsLaunchTests.swift */; };
		DA7D9F76F15C848F0D54A8ED /* AuthRepository.swift in Sources */ = {isa = PBXBuildFile; fileRef = DA7EBA9BAC41237D6DE00891 /* AuthRepository.swift */; };
		DA7DD864C934FEACD64225AC /* .swiftlint.yml in Resources */ = {isa = PBXBuildFile; fileRef = DA725D3F3594537780BA6642 /* .swiftlint.yml */; };
		DA7DE6C54F445E78FF7295D6 /* BoilerplateTests.swift in Sources */ = {isa = PBXBuildFile; fileRef = DA76444820248590F0E8014A /* BoilerplateTests.swift */; };
		DA7EA2E5AA767045D4B94D91 /* .swiftlint.yml in Resources */ = {isa = PBXBuildFile; fileRef = DA725D3F3594537780BA6642 /* .swiftlint.yml */; };
		DA7ED79C47B42C3E84C4CE7A /* .gitignore in Resources */ = {isa = PBXBuildFile; fileRef = DA7FC743E2E545E7483B3FDE /* .gitignore */; };
		DA7F14C16C402C9CE7EF9245 /* RestAPI.swift in Sources */ = {isa = PBXBuildFile; fileRef = DA72269125FB2B4C983B6839 /* RestAPI.swift */; };
		DA7FDB6609DCDB8DDB79B31B /* NetworkResult.swift in Sources */ = {isa = PBXBuildFile; fileRef = DA73EAC9E3BAE38A41DA453A /* NetworkResult.swift */; };
		EC9970C053D26ADFFC3BEFC8 /* Pods_BoilerplateTests.framework in Frameworks */ = {isa = PBXBuildFile; fileRef = 370F1BABBD1AD7CAD6F0D51E /* Pods_BoilerplateTests.framework */; };
/* End PBXBuildFile section */

/* Begin PBXContainerItemProxy section */
		DA749DC24DBD0F595D130C84 /* PBXContainerItemProxy */ = {
			isa = PBXContainerItemProxy;
			containerPortal = DA7B12F2BC2ACAB03CE27F34 /* Project object */;
			proxyType = 1;
			remoteGlobalIDString = DA7857F019C5C01E7F29CCCA;
			remoteInfo = Boilerplate;
		};
		DA7BF6501D99162CDB6B37D0 /* PBXContainerItemProxy */ = {
			isa = PBXContainerItemProxy;
			containerPortal = DA7B12F2BC2ACAB03CE27F34 /* Project object */;
			proxyType = 1;
			remoteGlobalIDString = DA7857F019C5C01E7F29CCCA;
			remoteInfo = Boilerplate;
		};
/* End PBXContainerItemProxy section */

/* Begin PBXFileReference section */
		0A3FE457EAC93F0795DE86BF /* Pods_Boilerplate_BoilerplateUITests.framework */ = {isa = PBXFileReference; explicitFileType = wrapper.framework; includeInIndex = 0; path = Pods_Boilerplate_BoilerplateUITests.framework; sourceTree = BUILT_PRODUCTS_DIR; };
		241408CA0F7B5A6ABA950E73 /* Pods-BoilerplateTests.release.xcconfig */ = {isa = PBXFileReference; includeInIndex = 1; lastKnownFileType = text.xcconfig; name = "Pods-BoilerplateTests.release.xcconfig"; path = "Target Support Files/Pods-BoilerplateTests/Pods-BoilerplateTests.release.xcconfig"; sourceTree = "<group>"; };
		253403978DC7B0F1EFDF449C /* Pods-BoilerplateTests.debug.xcconfig */ = {isa = PBXFileReference; includeInIndex = 1; lastKnownFileType = text.xcconfig; name = "Pods-BoilerplateTests.debug.xcconfig"; path = "Target Support Files/Pods-BoilerplateTests/Pods-BoilerplateTests.debug.xcconfig"; sourceTree = "<group>"; };
		370F1BABBD1AD7CAD6F0D51E /* Pods_BoilerplateTests.framework */ = {isa = PBXFileReference; explicitFileType = wrapper.framework; includeInIndex = 0; path = Pods_BoilerplateTests.framework; sourceTree = BUILT_PRODUCTS_DIR; };
		5E54E64768FB8CCBD52790A9 /* Pods-Boilerplate-BoilerplateUITests.release.xcconfig */ = {isa = PBXFileReference; includeInIndex = 1; lastKnownFileType = text.xcconfig; name = "Pods-Boilerplate-BoilerplateUITests.release.xcconfig"; path = "Target Support Files/Pods-Boilerplate-BoilerplateUITests/Pods-Boilerplate-BoilerplateUITests.release.xcconfig"; sourceTree = "<group>"; };
		6D2C33650E750F49CE4BD418 /* Pods_Boilerplate.framework */ = {isa = PBXFileReference; explicitFileType = wrapper.framework; includeInIndex = 0; path = Pods_Boilerplate.framework; sourceTree = BUILT_PRODUCTS_DIR; };
		A9C5A2E13FCEA3DFBC7513A6 /* Pods-Boilerplate-BoilerplateUITests.debug.xcconfig */ = {isa = PBXFileReference; includeInIndex = 1; lastKnownFileType = text.xcconfig; name = "Pods-Boilerplate-BoilerplateUITests.debug.xcconfig"; path = "Target Support Files/Pods-Boilerplate-BoilerplateUITests/Pods-Boilerplate-BoilerplateUITests.debug.xcconfig"; sourceTree = "<group>"; };
		B519B94D7C358E800837BCB9 /* Pods-Boilerplate.debug.xcconfig */ = {isa = PBXFileReference; includeInIndex = 1; lastKnownFileType = text.xcconfig; name = "Pods-Boilerplate.debug.xcconfig"; path = "Target Support Files/Pods-Boilerplate/Pods-Boilerplate.debug.xcconfig"; sourceTree = "<group>"; };
		DA711A13ACAB725788CCB59B /* BoilerplateRestAPI.swift */ = {isa = PBXFileReference; fileEncoding = 4; lastKnownFileType = sourcecode.swift; path = BoilerplateRestAPI.swift; sourceTree = "<group>"; };
		DA72269125FB2B4C983B6839 /* RestAPI.swift */ = {isa = PBXFileReference; fileEncoding = 4; lastKnownFileType = sourcecode.swift; path = RestAPI.swift; sourceTree = "<group>"; };
		DA725D3F3594537780BA6642 /* .swiftlint.yml */ = {isa = PBXFileReference; fileEncoding = 4; lastKnownFileType = text.yaml; path = .swiftlint.yml; sourceTree = "<group>"; };
		DA729A66F0485B07F34CEA70 /* README.md */ = {isa = PBXFileReference; fileEncoding = 4; lastKnownFileType = net.daringfireball.markdown; path = README.md; sourceTree = "<group>"; };
		DA73EAC9E3BAE38A41DA453A /* NetworkResult.swift */ = {isa = PBXFileReference; fileEncoding = 4; lastKnownFileType = sourcecode.swift; path = NetworkResult.swift; sourceTree = "<group>"; };
		DA73F6D6A66F9A540FA73D85 /* BoilerplateTests.xctest */ = {isa = PBXFileReference; explicitFileType = wrapper.cfbundle; includeInIndex = 0; path = BoilerplateTests.xctest; sourceTree = BUILT_PRODUCTS_DIR; };
		DA745D08BE3AA28494AFA5E5 /* Assets.xcassets */ = {isa = PBXFileReference; lastKnownFileType = folder.assetcatalog; path = Assets.xcassets; sourceTree = "<group>"; };
		DA76444820248590F0E8014A /* BoilerplateTests.swift */ = {isa = PBXFileReference; lastKnownFileType = sourcecode.swift; path = BoilerplateTests.swift; sourceTree = "<group>"; };
		DA77815E12E4657CDB768E89 /* ContentView.swift */ = {isa = PBXFileReference; lastKnownFileType = sourcecode.swift; path = ContentView.swift; sourceTree = "<group>"; };
		DA7810A60FF7890A5C7A591D /* BoilerplateUITests.swift */ = {isa = PBXFileReference; lastKnownFileType = sourcecode.swift; path = BoilerplateUITests.swift; sourceTree = "<group>"; };
		DA78CBBF27D2204F590B8131 /* LoginView.swift */ = {isa = PBXFileReference; fileEncoding = 4; lastKnownFileType = sourcecode.swift; path = LoginView.swift; sourceTree = "<group>"; };
		DA79869624FAE12C10E9614E /* Preview Assets.xcassets */ = {isa = PBXFileReference; lastKnownFileType = folder.assetcatalog; path = "Preview Assets.xcassets"; sourceTree = "<group>"; };
		DA7A37178B5F83976E4EACE7 /* Boilerplate.app */ = {isa = PBXFileReference; explicitFileType = wrapper.application; includeInIndex = 0; path = Boilerplate.app; sourceTree = BUILT_PRODUCTS_DIR; };
		DA7A855688A7C5B99B6C0AF9 /* User.swift */ = {isa = PBXFileReference; fileEncoding = 4; lastKnownFileType = sourcecode.swift; path = User.swift; sourceTree = "<group>"; };
		DA7B2132366640E6D97F99A6 /* BoilerplateUITests.xctest */ = {isa = PBXFileReference; explicitFileType = wrapper.cfbundle; includeInIndex = 0; path = BoilerplateUITests.xctest; sourceTree = BUILT_PRODUCTS_DIR; };
		DA7D10DC239F04BD47FDDECA /* LoginBody.swift */ = {isa = PBXFileReference; fileEncoding = 4; lastKnownFileType = sourcecode.swift; path = LoginBody.swift; sourceTree = "<group>"; };
		DA7D20EF37ED1715C87864EB /* BoilerplateUITestsLaunchTests.swift */ = {isa = PBXFileReference; lastKnownFileType = sourcecode.swift; path = BoilerplateUITestsLaunchTests.swift; sourceTree = "<group>"; };
		DA7DE31DBFB7ECBD8BD494F6 /* BoilerplateApp.swift */ = {isa = PBXFileReference; lastKnownFileType = sourcecode.swift; path = BoilerplateApp.swift; sourceTree = "<group>"; };
		DA7EBA9BAC41237D6DE00891 /* AuthRepository.swift */ = {isa = PBXFileReference; fileEncoding = 4; lastKnownFileType = sourcecode.swift; path = AuthRepository.swift; sourceTree = "<group>"; };
		DA7FC743E2E545E7483B3FDE /* .gitignore */ = {isa = PBXFileReference; lastKnownFileType = file.gitignore; path = .gitignore; sourceTree = "<group>"; };
		EB177C14787451DC0665BF48 /* Pods-Boilerplate.release.xcconfig */ = {isa = PBXFileReference; includeInIndex = 1; lastKnownFileType = text.xcconfig; name = "Pods-Boilerplate.release.xcconfig"; path = "Target Support Files/Pods-Boilerplate/Pods-Boilerplate.release.xcconfig"; sourceTree = "<group>"; };
/* End PBXFileReference section */

/* Begin PBXFrameworksBuildPhase section */
		DA706F9C41EA4F9A8D0C3EE1 /* Frameworks */ = {
			isa = PBXFrameworksBuildPhase;
			buildActionMask = 2147483647;
			files = (
				EC9970C053D26ADFFC3BEFC8 /* Pods_BoilerplateTests.framework in Frameworks */,
			);
			runOnlyForDeploymentPostprocessing = 0;
		};
		DA752183C7EEE9C36AF9D09F /* Frameworks */ = {
			isa = PBXFrameworksBuildPhase;
			buildActionMask = 2147483647;
			files = (
				6C3F79FEFA8042B8E248C756 /* Pods_Boilerplate_BoilerplateUITests.framework in Frameworks */,
			);
			runOnlyForDeploymentPostprocessing = 0;
		};
		DA7D792998166183248EA0A2 /* Frameworks */ = {
			isa = PBXFrameworksBuildPhase;
			buildActionMask = 2147483647;
			files = (
				5FD843270ADFE44F70549EB6 /* Pods_Boilerplate.framework in Frameworks */,
			);
			runOnlyForDeploymentPostprocessing = 0;
		};
/* End PBXFrameworksBuildPhase section */

/* Begin PBXGroup section */
		2A1B599D6D4F9CB3566E3FAE /* Pods */ = {
			isa = PBXGroup;
			children = (
				B519B94D7C358E800837BCB9 /* Pods-Boilerplate.debug.xcconfig */,
				EB177C14787451DC0665BF48 /* Pods-Boilerplate.release.xcconfig */,
				A9C5A2E13FCEA3DFBC7513A6 /* Pods-Boilerplate-BoilerplateUITests.debug.xcconfig */,
				5E54E64768FB8CCBD52790A9 /* Pods-Boilerplate-BoilerplateUITests.release.xcconfig */,
				253403978DC7B0F1EFDF449C /* Pods-BoilerplateTests.debug.xcconfig */,
				241408CA0F7B5A6ABA950E73 /* Pods-BoilerplateTests.release.xcconfig */,
			);
			path = Pods;
			sourceTree = "<group>";
		};
		DA7397F05CD98544365140D3 /* home */ = {
			isa = PBXGroup;
			children = (
			);
			path = home;
			sourceTree = "<group>";
		};
		DA74355C22EE02E33FF430DB = {
			isa = PBXGroup;
			children = (
				DA7F17C865270A8D1AD7F4E1 /* Products */,
				DA7B97218825ABAE9CA09666 /* Boilerplate */,
				DA7C37295E0AF0209E4E10DF /* BoilerplateTests */,
				DA7C2517A002ECC5205BC187 /* BoilerplateUITests */,
				DA7FC743E2E545E7483B3FDE /* .gitignore */,
				DA729A66F0485B07F34CEA70 /* README.md */,
				2A1B599D6D4F9CB3566E3FAE /* Pods */,
				F27264A88B7B11B023E87533 /* Frameworks */,
				DA725D3F3594537780BA6642 /* .swiftlint.yml */,
			);
			sourceTree = "<group>";
		};
		DA7551001C9400CFD349B47C /* network */ = {
			isa = PBXGroup;
			children = (
				DA73EAC9E3BAE38A41DA453A /* NetworkResult.swift */,
				DA711A13ACAB725788CCB59B /* BoilerplateRestAPI.swift */,
				DA7D10DC239F04BD47FDDECA /* LoginBody.swift */,
				DA72269125FB2B4C983B6839 /* RestAPI.swift */,
			);
			path = network;
			sourceTree = "<group>";
		};
		DA76A00772B2F973C98598F3 /* auth */ = {
			isa = PBXGroup;
			children = (
				DA78CBBF27D2204F590B8131 /* LoginView.swift */,
				DA7EBA9BAC41237D6DE00891 /* AuthRepository.swift */,
			);
			path = auth;
			sourceTree = "<group>";
		};
		DA76EA3E3ECF3172EECB4032 /* Preview Content */ = {
			isa = PBXGroup;
			children = (
				DA79869624FAE12C10E9614E /* Preview Assets.xcassets */,
			);
			path = "Preview Content";
			sourceTree = "<group>";
		};
		DA785423C7C7BF371612A7F6 /* feature */ = {
			isa = PBXGroup;
			children = (
				DA76A00772B2F973C98598F3 /* auth */,
				DA7397F05CD98544365140D3 /* home */,
			);
			path = feature;
			sourceTree = "<group>";
		};
		DA7A57D6D1903EE109DA4B20 /* model */ = {
			isa = PBXGroup;
			children = (
				DA7A855688A7C5B99B6C0AF9 /* User.swift */,
			);
			path = model;
			sourceTree = "<group>";
		};
		DA7B97218825ABAE9CA09666 /* Boilerplate */ = {
			isa = PBXGroup;
			children = (
				DA745D08BE3AA28494AFA5E5 /* Assets.xcassets */,
				DA76EA3E3ECF3172EECB4032 /* Preview Content */,
				DA7DE31DBFB7ECBD8BD494F6 /* BoilerplateApp.swift */,
				DA77815E12E4657CDB768E89 /* ContentView.swift */,
				DA785423C7C7BF371612A7F6 /* feature */,
				DA7551001C9400CFD349B47C /* network */,
				DA7A57D6D1903EE109DA4B20 /* model */,
			);
			path = Boilerplate;
			sourceTree = "<group>";
		};
		DA7C2517A002ECC5205BC187 /* BoilerplateUITests */ = {
			isa = PBXGroup;
			children = (
				DA7810A60FF7890A5C7A591D /* BoilerplateUITests.swift */,
				DA7D20EF37ED1715C87864EB /* BoilerplateUITestsLaunchTests.swift */,
			);
			path = BoilerplateUITests;
			sourceTree = "<group>";
		};
		DA7C37295E0AF0209E4E10DF /* BoilerplateTests */ = {
			isa = PBXGroup;
			children = (
				DA76444820248590F0E8014A /* BoilerplateTests.swift */,
			);
			path = BoilerplateTests;
			sourceTree = "<group>";
		};
		DA7F17C865270A8D1AD7F4E1 /* Products */ = {
			isa = PBXGroup;
			children = (
				DA7A37178B5F83976E4EACE7 /* Boilerplate.app */,
				DA73F6D6A66F9A540FA73D85 /* BoilerplateTests.xctest */,
				DA7B2132366640E6D97F99A6 /* BoilerplateUITests.xctest */,
			);
			name = Products;
			sourceTree = "<group>";
		};
		F27264A88B7B11B023E87533 /* Frameworks */ = {
			isa = PBXGroup;
			children = (
				6D2C33650E750F49CE4BD418 /* Pods_Boilerplate.framework */,
				0A3FE457EAC93F0795DE86BF /* Pods_Boilerplate_BoilerplateUITests.framework */,
				370F1BABBD1AD7CAD6F0D51E /* Pods_BoilerplateTests.framework */,
			);
			name = Frameworks;
			sourceTree = "<group>";
		};
/* End PBXGroup section */

/* Begin PBXNativeTarget section */
		DA75DBB38E3338C47ED61435 /* BoilerplateTests */ = {
			isa = PBXNativeTarget;
			buildConfigurationList = DA7F497863E765531A6C52CC /* Build configuration list for PBXNativeTarget "BoilerplateTests" */;
			buildPhases = (
				A0BC8346B9913D7D249B4121 /* [CP] Check Pods Manifest.lock */,
				DA7ABB4FACD9437B2ECC14D9 /* Sources */,
				DA706F9C41EA4F9A8D0C3EE1 /* Frameworks */,
				DA7F27441FD8C0553B1B759A /* Resources */,
			);
			buildRules = (
			);
			dependencies = (
				DA79B353A43181872F022591 /* PBXTargetDependency */,
			);
			name = BoilerplateTests;
			productName = BoilerplateTests;
			productReference = DA73F6D6A66F9A540FA73D85 /* BoilerplateTests.xctest */;
			productType = "com.apple.product-type.bundle.unit-test";
		};
		DA7857F019C5C01E7F29CCCA /* Boilerplate */ = {
			isa = PBXNativeTarget;
			buildConfigurationList = DA7C5FEFBAC54CBB6B717047 /* Build configuration list for PBXNativeTarget "Boilerplate" */;
			buildPhases = (
				F2249B4A0C423C90F8A248BD /* [CP] Check Pods Manifest.lock */,
				DA7FAD93FB2D1BD5CB9BF5C7 /* Sources */,
				DA7D792998166183248EA0A2 /* Frameworks */,
				DA78020F8F428014F98F45E5 /* Resources */,
				DDA00815D59A794E6C971821 /* [CP] Embed Pods Frameworks */,
				6E3A25A627E5A7E800E87184 /* ShellScript */,
			);
			buildRules = (
			);
			dependencies = (
			);
			name = Boilerplate;
			productName = Boilerplate;
			productReference = DA7A37178B5F83976E4EACE7 /* Boilerplate.app */;
			productType = "com.apple.product-type.application";
		};
		DA7F9B4C4A60DD23AB97606B /* BoilerplateUITests */ = {
			isa = PBXNativeTarget;
			buildConfigurationList = DA7117DB35FE52E934AFBB0A /* Build configuration list for PBXNativeTarget "BoilerplateUITests" */;
			buildPhases = (
				36E6D11E373825D42D676335 /* [CP] Check Pods Manifest.lock */,
				DA7B2BA347DACCD4598C529C /* Sources */,
				DA752183C7EEE9C36AF9D09F /* Frameworks */,
				DA7654E162DD210E4AB67C79 /* Resources */,
				C36558CC84BDF3429DA30DE9 /* [CP] Embed Pods Frameworks */,
			);
			buildRules = (
			);
			dependencies = (
				DA7FA73F12FFFB7C5AF408C7 /* PBXTargetDependency */,
			);
			name = BoilerplateUITests;
			productName = BoilerplateUITests;
			productReference = DA7B2132366640E6D97F99A6 /* BoilerplateUITests.xctest */;
			productType = "com.apple.product-type.bundle.ui-testing";
		};
/* End PBXNativeTarget section */

/* Begin PBXProject section */
		DA7B12F2BC2ACAB03CE27F34 /* Project object */ = {
			isa = PBXProject;
			attributes = {
				LastUpgradeCheck = 1330;
			};
			buildConfigurationList = DA7356F1179C76197073DD6B /* Build configuration list for PBXProject "Boilerplate" */;
			compatibilityVersion = "Xcode 3.2";
			developmentRegion = en;
			hasScannedForEncodings = 0;
			knownRegions = (
				en,
				Base,
			);
			mainGroup = DA74355C22EE02E33FF430DB;
			productRefGroup = DA7F17C865270A8D1AD7F4E1 /* Products */;
			projectDirPath = "";
			projectRoot = "";
			targets = (
				DA7857F019C5C01E7F29CCCA /* Boilerplate */,
				DA75DBB38E3338C47ED61435 /* BoilerplateTests */,
				DA7F9B4C4A60DD23AB97606B /* BoilerplateUITests */,
			);
		};
/* End PBXProject section */

/* Begin PBXResourcesBuildPhase section */
		DA7654E162DD210E4AB67C79 /* Resources */ = {
			isa = PBXResourcesBuildPhase;
			buildActionMask = 2147483647;
			files = (
				DA7ED79C47B42C3E84C4CE7A /* .gitignore in Resources */,
				DA7EA2E5AA767045D4B94D91 /* .swiftlint.yml in Resources */,
			);
			runOnlyForDeploymentPostprocessing = 0;
		};
		DA78020F8F428014F98F45E5 /* Resources */ = {
			isa = PBXResourcesBuildPhase;
			buildActionMask = 2147483647;
			files = (
				DA728733BCDC2791FA77B0E3 /* Assets.xcassets in Resources */,
				DA7604A8B5E182269F7248F7 /* Preview Assets.xcassets in Resources */,
				DA752F50DB033921FC5AAFAA /* .gitignore in Resources */,
				DA72548E69EB1A4720706470 /* .swiftlint.yml in Resources */,
			);
			runOnlyForDeploymentPostprocessing = 0;
		};
		DA7F27441FD8C0553B1B759A /* Resources */ = {
			isa = PBXResourcesBuildPhase;
			buildActionMask = 2147483647;
			files = (
				DA760D531847A7ADDA188397 /* .gitignore in Resources */,
				DA7DD864C934FEACD64225AC /* .swiftlint.yml in Resources */,
			);
			runOnlyForDeploymentPostprocessing = 0;
		};
/* End PBXResourcesBuildPhase section */

/* Begin PBXShellScriptBuildPhase section */
		36E6D11E373825D42D676335 /* [CP] Check Pods Manifest.lock */ = {
			isa = PBXShellScriptBuildPhase;
			buildActionMask = 2147483647;
			files = (
			);
			inputFileListPaths = (
			);
			inputPaths = (
				"${PODS_PODFILE_DIR_PATH}/Podfile.lock",
				"${PODS_ROOT}/Manifest.lock",
			);
			name = "[CP] Check Pods Manifest.lock";
			outputFileListPaths = (
			);
			outputPaths = (
				"$(DERIVED_FILE_DIR)/Pods-Boilerplate-BoilerplateUITests-checkManifestLockResult.txt",
			);
			runOnlyForDeploymentPostprocessing = 0;
			shellPath = /bin/sh;
			shellScript = "diff \"${PODS_PODFILE_DIR_PATH}/Podfile.lock\" \"${PODS_ROOT}/Manifest.lock\" > /dev/null\nif [ $? != 0 ] ; then\n    # print error to STDERR\n    echo \"error: The sandbox is not in sync with the Podfile.lock. Run 'pod install' or update your CocoaPods installation.\" >&2\n    exit 1\nfi\n# This output is used by Xcode 'outputs' to avoid re-running this script phase.\necho \"SUCCESS\" > \"${SCRIPT_OUTPUT_FILE_0}\"\n";
			showEnvVarsInLog = 0;
		};
		6E3A25A627E5A7E800E87184 /* ShellScript */ = {
			isa = PBXShellScriptBuildPhase;
			buildActionMask = 2147483647;
			files = (
			);
			inputFileListPaths = (
			);
			inputPaths = (
			);
			outputFileListPaths = (
			);
			outputPaths = (
			);
			runOnlyForDeploymentPostprocessing = 0;
			shellPath = /bin/sh;
			shellScript = "\"${PODS_ROOT}/SwiftLint/swiftlint\"\n";
		};
		A0BC8346B9913D7D249B4121 /* [CP] Check Pods Manifest.lock */ = {
			isa = PBXShellScriptBuildPhase;
			buildActionMask = 2147483647;
			files = (
			);
			inputFileListPaths = (
			);
			inputPaths = (
				"${PODS_PODFILE_DIR_PATH}/Podfile.lock",
				"${PODS_ROOT}/Manifest.lock",
			);
			name = "[CP] Check Pods Manifest.lock";
			outputFileListPaths = (
			);
			outputPaths = (
				"$(DERIVED_FILE_DIR)/Pods-BoilerplateTests-checkManifestLockResult.txt",
			);
			runOnlyForDeploymentPostprocessing = 0;
			shellPath = /bin/sh;
			shellScript = "diff \"${PODS_PODFILE_DIR_PATH}/Podfile.lock\" \"${PODS_ROOT}/Manifest.lock\" > /dev/null\nif [ $? != 0 ] ; then\n    # print error to STDERR\n    echo \"error: The sandbox is not in sync with the Podfile.lock. Run 'pod install' or update your CocoaPods installation.\" >&2\n    exit 1\nfi\n# This output is used by Xcode 'outputs' to avoid re-running this script phase.\necho \"SUCCESS\" > \"${SCRIPT_OUTPUT_FILE_0}\"\n";
			showEnvVarsInLog = 0;
		};
		C36558CC84BDF3429DA30DE9 /* [CP] Embed Pods Frameworks */ = {
			isa = PBXShellScriptBuildPhase;
			buildActionMask = 2147483647;
			files = (
			);
			inputPaths = (
				"${PODS_ROOT}/Target Support Files/Pods-Boilerplate-BoilerplateUITests/Pods-Boilerplate-BoilerplateUITests-frameworks.sh",
				"${BUILT_PRODUCTS_DIR}/Swinject/Swinject.framework",
			);
			name = "[CP] Embed Pods Frameworks";
			outputPaths = (
				"${TARGET_BUILD_DIR}/${FRAMEWORKS_FOLDER_PATH}/Swinject.framework",
			);
			runOnlyForDeploymentPostprocessing = 0;
			shellPath = /bin/sh;
			shellScript = "\"${PODS_ROOT}/Target Support Files/Pods-Boilerplate-BoilerplateUITests/Pods-Boilerplate-BoilerplateUITests-frameworks.sh\"\n";
			showEnvVarsInLog = 0;
		};
		DDA00815D59A794E6C971821 /* [CP] Embed Pods Frameworks */ = {
			isa = PBXShellScriptBuildPhase;
			buildActionMask = 2147483647;
			files = (
			);
			inputPaths = (
				"${PODS_ROOT}/Target Support Files/Pods-Boilerplate/Pods-Boilerplate-frameworks.sh",
				"${BUILT_PRODUCTS_DIR}/Swinject/Swinject.framework",
			);
			name = "[CP] Embed Pods Frameworks";
			outputPaths = (
				"${TARGET_BUILD_DIR}/${FRAMEWORKS_FOLDER_PATH}/Swinject.framework",
			);
			runOnlyForDeploymentPostprocessing = 0;
			shellPath = /bin/sh;
			shellScript = "\"${PODS_ROOT}/Target Support Files/Pods-Boilerplate/Pods-Boilerplate-frameworks.sh\"\n";
			showEnvVarsInLog = 0;
		};
		F2249B4A0C423C90F8A248BD /* [CP] Check Pods Manifest.lock */ = {
			isa = PBXShellScriptBuildPhase;
			buildActionMask = 2147483647;
			files = (
			);
			inputFileListPaths = (
			);
			inputPaths = (
				"${PODS_PODFILE_DIR_PATH}/Podfile.lock",
				"${PODS_ROOT}/Manifest.lock",
			);
			name = "[CP] Check Pods Manifest.lock";
			outputFileListPaths = (
			);
			outputPaths = (
				"$(DERIVED_FILE_DIR)/Pods-Boilerplate-checkManifestLockResult.txt",
			);
			runOnlyForDeploymentPostprocessing = 0;
			shellPath = /bin/sh;
			shellScript = "diff \"${PODS_PODFILE_DIR_PATH}/Podfile.lock\" \"${PODS_ROOT}/Manifest.lock\" > /dev/null\nif [ $? != 0 ] ; then\n    # print error to STDERR\n    echo \"error: The sandbox is not in sync with the Podfile.lock. Run 'pod install' or update your CocoaPods installation.\" >&2\n    exit 1\nfi\n# This output is used by Xcode 'outputs' to avoid re-running this script phase.\necho \"SUCCESS\" > \"${SCRIPT_OUTPUT_FILE_0}\"\n";
			showEnvVarsInLog = 0;
		};
/* End PBXShellScriptBuildPhase section */

/* Begin PBXSourcesBuildPhase section */
		DA7ABB4FACD9437B2ECC14D9 /* Sources */ = {
			isa = PBXSourcesBuildPhase;
			buildActionMask = 2147483647;
			files = (
				DA7DE6C54F445E78FF7295D6 /* BoilerplateTests.swift in Sources */,
				DA7327F1DDF48A78553A8D6E /* README.md in Sources */,
				DA7D9F76F15C848F0D54A8ED /* AuthRepository.swift in Sources */,
				DA763D2CF10651718B12A09E /* User.swift in Sources */,
				DA758E346BF0A43C9EC2C12B /* NetworkResult.swift in Sources */,
				DA74B312DB10260790C95A15 /* LoginBody.swift in Sources */,
				DA7F14C16C402C9CE7EF9245 /* RestAPI.swift in Sources */,
			);
			runOnlyForDeploymentPostprocessing = 0;
		};
		DA7B2BA347DACCD4598C529C /* Sources */ = {
			isa = PBXSourcesBuildPhase;
			buildActionMask = 2147483647;
			files = (
				DA79E3A1F5D435E19FF7E47B /* BoilerplateUITests.swift in Sources */,
				DA7D872EBAB6FAD34458D18E /* BoilerplateUITestsLaunchTests.swift in Sources */,
				DA796B46816304DB376D0F7D /* README.md in Sources */,
				DA7276168645959D199F34AF /* AuthRepository.swift in Sources */,
				DA7AE80049D8467AD108B740 /* User.swift in Sources */,
				DA7FDB6609DCDB8DDB79B31B /* NetworkResult.swift in Sources */,
				DA72796D5671083818C4302F /* LoginBody.swift in Sources */,
				DA7430029B656E79E8B6E4DD /* RestAPI.swift in Sources */,
			);
			runOnlyForDeploymentPostprocessing = 0;
		};
		DA7FAD93FB2D1BD5CB9BF5C7 /* Sources */ = {
			isa = PBXSourcesBuildPhase;
			buildActionMask = 2147483647;
			files = (
				DA76E1847A3A96E4D4DDF249 /* BoilerplateApp.swift in Sources */,
				DA7632FBB9E49EA193DC76EF /* ContentView.swift in Sources */,
				DA76294764CFE040296A6D47 /* LoginView.swift in Sources */,
				DA78EB2E098C2DAFCDF27131 /* AuthRepository.swift in Sources */,
				DA7BB5739317543F53048762 /* User.swift in Sources */,
				DA7C1653A718F0A243568EC3 /* NetworkResult.swift in Sources */,
				DA7B5B0AD98AA2B6D13315CB /* BoilerplateRestAPI.swift in Sources */,
				DA7C810ECB25844836FFB16C /* LoginBody.swift in Sources */,
				DA720705BF00AB21DB1E854A /* RestAPI.swift in Sources */,
			);
			runOnlyForDeploymentPostprocessing = 0;
		};
/* End PBXSourcesBuildPhase section */

/* Begin PBXTargetDependency section */
		DA79B353A43181872F022591 /* PBXTargetDependency */ = {
			isa = PBXTargetDependency;
			target = DA7857F019C5C01E7F29CCCA /* Boilerplate */;
			targetProxy = DA749DC24DBD0F595D130C84 /* PBXContainerItemProxy */;
		};
		DA7FA73F12FFFB7C5AF408C7 /* PBXTargetDependency */ = {
			isa = PBXTargetDependency;
			target = DA7857F019C5C01E7F29CCCA /* Boilerplate */;
			targetProxy = DA7BF6501D99162CDB6B37D0 /* PBXContainerItemProxy */;
		};
/* End PBXTargetDependency section */

/* Begin XCBuildConfiguration section */
		DA730B2477EE3D1F3F7CA0C7 /* Debug */ = {
			isa = XCBuildConfiguration;
			baseConfigurationReference = A9C5A2E13FCEA3DFBC7513A6 /* Pods-Boilerplate-BoilerplateUITests.debug.xcconfig */;
			buildSettings = {
				CURRENT_PROJECT_VERSION = 1;
				GENERATE_INFOPLIST_FILE = YES;
				MARKETING_VERSION = 1.0;
				PRODUCT_BUNDLE_IDENTIFIER = com.company.BoilerplateUITests;
				PRODUCT_NAME = "$(TARGET_NAME)";
				SWIFT_EMIT_LOC_STRINGS = NO;
				SWIFT_VERSION = 5.0;
				TARGETED_DEVICE_FAMILY = "1,2";
				TEST_TARGET_NAME = Boilerplate;
			};
			name = Debug;
		};
		DA73123BBFDD3F752A57FD54 /* Debug */ = {
			isa = XCBuildConfiguration;
			baseConfigurationReference = B519B94D7C358E800837BCB9 /* Pods-Boilerplate.debug.xcconfig */;
			buildSettings = {
				ASSETCATALOG_COMPILER_APPICON_NAME = AppIcon;
				ASSETCATALOG_COMPILER_GLOBAL_ACCENT_COLOR_NAME = AccentColor;
				CURRENT_PROJECT_VERSION = 1;
				DEVELOPMENT_ASSET_PATHS = "\"Boilerplate/Preview Content\"";
				ENABLE_PREVIEWS = YES;
				GENERATE_INFOPLIST_FILE = YES;
				INFOPLIST_KEY_UIApplicationSceneManifest_Generation = YES;
				INFOPLIST_KEY_UIApplicationSupportsIndirectInputEvents = YES;
				INFOPLIST_KEY_UILaunchScreen_Generation = YES;
				INFOPLIST_KEY_UISupportedInterfaceOrientations_iPad = "UIInterfaceOrientationPortrait UIInterfaceOrientationPortraitUpsideDown UIInterfaceOrientationLandscapeLeft UIInterfaceOrientationLandscapeRight";
				INFOPLIST_KEY_UISupportedInterfaceOrientations_iPhone = "UIInterfaceOrientationPortrait UIInterfaceOrientationLandscapeLeft UIInterfaceOrientationLandscapeRight";
				LD_RUNPATH_SEARCH_PATHS = "$(inherited) @executable_path/Frameworks";
				MARKETING_VERSION = 1.0;
				OTHER_LDFLAGS = (
					"\"-Xlinker -interposable\"",
					"$(inherited)",
				);
				PRODUCT_BUNDLE_IDENTIFIER = com.company.Boilerplate;
				PRODUCT_NAME = "$(TARGET_NAME)";
				SWIFT_EMIT_LOC_STRINGS = YES;
				SWIFT_VERSION = 5.0;
				TARGETED_DEVICE_FAMILY = "1,2";
			};
			name = Debug;
		};
		DA7648F7A8EB00BC3E3486E7 /* Release */ = {
			isa = XCBuildConfiguration;
			baseConfigurationReference = 241408CA0F7B5A6ABA950E73 /* Pods-BoilerplateTests.release.xcconfig */;
			buildSettings = {
				BUNDLE_LOADER = "$(BUILT_PRODUCTS_DIR)/Boilerplate.app/Boilerplate";
				CURRENT_PROJECT_VERSION = 1;
				GENERATE_INFOPLIST_FILE = YES;
				MARKETING_VERSION = 1.0;
				PRODUCT_BUNDLE_IDENTIFIER = com.company.BoilerplateTests;
				PRODUCT_NAME = "$(TARGET_NAME)";
				SWIFT_EMIT_LOC_STRINGS = NO;
				SWIFT_VERSION = 5.0;
				TARGETED_DEVICE_FAMILY = "1,2";
				TEST_HOST = "$(BUNDLE_LOADER)";
			};
			name = Release;
		};
		DA786FB09A5184B784E1759D /* Release */ = {
			isa = XCBuildConfiguration;
			baseConfigurationReference = 5E54E64768FB8CCBD52790A9 /* Pods-Boilerplate-BoilerplateUITests.release.xcconfig */;
			buildSettings = {
				CURRENT_PROJECT_VERSION = 1;
				GENERATE_INFOPLIST_FILE = YES;
				MARKETING_VERSION = 1.0;
				PRODUCT_BUNDLE_IDENTIFIER = com.company.BoilerplateUITests;
				PRODUCT_NAME = "$(TARGET_NAME)";
				SWIFT_EMIT_LOC_STRINGS = NO;
				SWIFT_VERSION = 5.0;
				TARGETED_DEVICE_FAMILY = "1,2";
				TEST_TARGET_NAME = Boilerplate;
			};
			name = Release;
		};
		DA79785A7AA730A3227171EF /* Release */ = {
			isa = XCBuildConfiguration;
			buildSettings = {
				ALWAYS_SEARCH_USER_PATHS = NO;
				CLANG_ANALYZER_LOCALIZABILITY_NONLOCALIZED = YES;
				CLANG_ANALYZER_NONNULL = YES;
				CLANG_ANALYZER_NUMBER_OBJECT_CONVERSION = YES_AGGRESSIVE;
				CLANG_CXX_LANGUAGE_STANDARD = "gnu++17";
				CLANG_ENABLE_MODULES = YES;
				CLANG_ENABLE_OBJC_ARC = YES;
				CLANG_ENABLE_OBJC_WEAK = YES;
				CLANG_WARN_BLOCK_CAPTURE_AUTORELEASING = YES;
				CLANG_WARN_BOOL_CONVERSION = YES;
				CLANG_WARN_COMMA = YES;
				CLANG_WARN_CONSTANT_CONVERSION = YES;
				CLANG_WARN_DEPRECATED_OBJC_IMPLEMENTATIONS = YES;
				CLANG_WARN_DIRECT_OBJC_ISA_USAGE = YES_ERROR;
				CLANG_WARN_DOCUMENTATION_COMMENTS = YES;
				CLANG_WARN_EMPTY_BODY = YES;
				CLANG_WARN_ENUM_CONVERSION = YES;
				CLANG_WARN_INFINITE_RECURSION = YES;
				CLANG_WARN_INT_CONVERSION = YES;
				CLANG_WARN_NON_LITERAL_NULL_CONVERSION = YES;
				CLANG_WARN_OBJC_IMPLICIT_RETAIN_SELF = YES;
				CLANG_WARN_OBJC_LITERAL_CONVERSION = YES;
				CLANG_WARN_OBJC_ROOT_CLASS = YES_ERROR;
				CLANG_WARN_QUOTED_INCLUDE_IN_FRAMEWORK_HEADER = YES;
				CLANG_WARN_RANGE_LOOP_ANALYSIS = YES;
				CLANG_WARN_STRICT_PROTOTYPES = YES;
				CLANG_WARN_SUSPICIOUS_MOVE = YES;
				CLANG_WARN_UNGUARDED_AVAILABILITY = YES_AGGRESSIVE;
				CLANG_WARN_UNREACHABLE_CODE = YES;
				CLANG_WARN__DUPLICATE_METHOD_MATCH = YES;
				COPY_PHASE_STRIP = NO;
				DEBUG_INFORMATION_FORMAT = "dwarf-with-dsym";
				ENABLE_NS_ASSERTIONS = NO;
				ENABLE_STRICT_OBJC_MSGSEND = YES;
				GCC_C_LANGUAGE_STANDARD = gnu11;
				GCC_NO_COMMON_BLOCKS = YES;
				GCC_WARN_64_TO_32_BIT_CONVERSION = YES;
				GCC_WARN_ABOUT_RETURN_TYPE = YES_ERROR;
				GCC_WARN_UNDECLARED_SELECTOR = YES;
				GCC_WARN_UNINITIALIZED_AUTOS = YES_AGGRESSIVE;
				GCC_WARN_UNUSED_FUNCTION = YES;
				GCC_WARN_UNUSED_VARIABLE = YES;
				IPHONEOS_DEPLOYMENT_TARGET = 15.4;
				MTL_ENABLE_DEBUG_INFO = NO;
				MTL_FAST_MATH = YES;
				SDKROOT = iphoneos;
				SWIFT_OPTIMIZATION_LEVEL = "-Owholemodule";
				VALIDATE_PRODUCT = YES;
			};
			name = Release;
		};
		DA7AB8BAB15871FF0CD7D8FD /* Debug */ = {
			isa = XCBuildConfiguration;
			baseConfigurationReference = 253403978DC7B0F1EFDF449C /* Pods-BoilerplateTests.debug.xcconfig */;
			buildSettings = {
				BUNDLE_LOADER = "$(BUILT_PRODUCTS_DIR)/Boilerplate.app/Boilerplate";
				CURRENT_PROJECT_VERSION = 1;
				GENERATE_INFOPLIST_FILE = YES;
				MARKETING_VERSION = 1.0;
				PRODUCT_BUNDLE_IDENTIFIER = com.company.BoilerplateTests;
				PRODUCT_NAME = "$(TARGET_NAME)";
				SWIFT_EMIT_LOC_STRINGS = NO;
				SWIFT_VERSION = 5.0;
				TARGETED_DEVICE_FAMILY = "1,2";
				TEST_HOST = "$(BUNDLE_LOADER)";
			};
			name = Debug;
		};
		DA7B3ECD8474081558AC8EEC /* Debug */ = {
			isa = XCBuildConfiguration;
			buildSettings = {
				ALWAYS_SEARCH_USER_PATHS = NO;
				CLANG_ANALYZER_LOCALIZABILITY_NONLOCALIZED = YES;
				CLANG_ANALYZER_NONNULL = YES;
				CLANG_ANALYZER_NUMBER_OBJECT_CONVERSION = YES_AGGRESSIVE;
				CLANG_CXX_LANGUAGE_STANDARD = "gnu++17";
				CLANG_ENABLE_MODULES = YES;
				CLANG_ENABLE_OBJC_ARC = YES;
				CLANG_ENABLE_OBJC_WEAK = YES;
				CLANG_WARN_BLOCK_CAPTURE_AUTORELEASING = YES;
				CLANG_WARN_BOOL_CONVERSION = YES;
				CLANG_WARN_COMMA = YES;
				CLANG_WARN_CONSTANT_CONVERSION = YES;
				CLANG_WARN_DEPRECATED_OBJC_IMPLEMENTATIONS = YES;
				CLANG_WARN_DIRECT_OBJC_ISA_USAGE = YES_ERROR;
				CLANG_WARN_DOCUMENTATION_COMMENTS = YES;
				CLANG_WARN_EMPTY_BODY = YES;
				CLANG_WARN_ENUM_CONVERSION = YES;
				CLANG_WARN_INFINITE_RECURSION = YES;
				CLANG_WARN_INT_CONVERSION = YES;
				CLANG_WARN_NON_LITERAL_NULL_CONVERSION = YES;
				CLANG_WARN_OBJC_IMPLICIT_RETAIN_SELF = YES;
				CLANG_WARN_OBJC_LITERAL_CONVERSION = YES;
				CLANG_WARN_OBJC_ROOT_CLASS = YES_ERROR;
				CLANG_WARN_QUOTED_INCLUDE_IN_FRAMEWORK_HEADER = YES;
				CLANG_WARN_RANGE_LOOP_ANALYSIS = YES;
				CLANG_WARN_STRICT_PROTOTYPES = YES;
				CLANG_WARN_SUSPICIOUS_MOVE = YES;
				CLANG_WARN_UNGUARDED_AVAILABILITY = YES_AGGRESSIVE;
				CLANG_WARN_UNREACHABLE_CODE = YES;
				CLANG_WARN__DUPLICATE_METHOD_MATCH = YES;
				COPY_PHASE_STRIP = NO;
				DEBUG_INFORMATION_FORMAT = dwarf;
				ENABLE_STRICT_OBJC_MSGSEND = YES;
				ENABLE_TESTABILITY = YES;
				GCC_C_LANGUAGE_STANDARD = gnu11;
				GCC_DYNAMIC_NO_PIC = NO;
				GCC_NO_COMMON_BLOCKS = YES;
				GCC_OPTIMIZATION_LEVEL = 0;
				GCC_PREPROCESSOR_DEFINITIONS = (
					"DEBUG=1",
					"$(inherited)",
				);
				GCC_WARN_64_TO_32_BIT_CONVERSION = YES;
				GCC_WARN_ABOUT_RETURN_TYPE = YES_ERROR;
				GCC_WARN_UNDECLARED_SELECTOR = YES;
				GCC_WARN_UNINITIALIZED_AUTOS = YES_AGGRESSIVE;
				GCC_WARN_UNUSED_FUNCTION = YES;
				GCC_WARN_UNUSED_VARIABLE = YES;
				IPHONEOS_DEPLOYMENT_TARGET = 15.4;
				MTL_ENABLE_DEBUG_INFO = INCLUDE_SOURCE;
				MTL_FAST_MATH = YES;
				ONLY_ACTIVE_ARCH = YES;
				SDKROOT = iphoneos;
				SWIFT_ACTIVE_COMPILATION_CONDITIONS = DEBUG;
				SWIFT_OPTIMIZATION_LEVEL = "-Onone";
			};
			name = Debug;
		};
		DA7CB954EE1AA165A9412CB0 /* Release */ = {
			isa = XCBuildConfiguration;
			baseConfigurationReference = EB177C14787451DC0665BF48 /* Pods-Boilerplate.release.xcconfig */;
			buildSettings = {
				ASSETCATALOG_COMPILER_APPICON_NAME = AppIcon;
				ASSETCATALOG_COMPILER_GLOBAL_ACCENT_COLOR_NAME = AccentColor;
				CURRENT_PROJECT_VERSION = 1;
				DEVELOPMENT_ASSET_PATHS = "\"Boilerplate/Preview Content\"";
				ENABLE_PREVIEWS = YES;
				GENERATE_INFOPLIST_FILE = YES;
				INFOPLIST_KEY_UIApplicationSceneManifest_Generation = YES;
				INFOPLIST_KEY_UIApplicationSupportsIndirectInputEvents = YES;
				INFOPLIST_KEY_UILaunchScreen_Generation = YES;
				INFOPLIST_KEY_UISupportedInterfaceOrientations_iPad = "UIInterfaceOrientationPortrait UIInterfaceOrientationPortraitUpsideDown UIInterfaceOrientationLandscapeLeft UIInterfaceOrientationLandscapeRight";
				INFOPLIST_KEY_UISupportedInterfaceOrientations_iPhone = "UIInterfaceOrientationPortrait UIInterfaceOrientationLandscapeLeft UIInterfaceOrientationLandscapeRight";
				LD_RUNPATH_SEARCH_PATHS = "$(inherited) @executable_path/Frameworks";
				MARKETING_VERSION = 1.0;
				OTHER_LDFLAGS = (
					"\"-Xlinker -interposable\"",
					"$(inherited)",
				);
				PRODUCT_BUNDLE_IDENTIFIER = com.company.Boilerplate;
				PRODUCT_NAME = "$(TARGET_NAME)";
				SWIFT_EMIT_LOC_STRINGS = YES;
				SWIFT_VERSION = 5.0;
				TARGETED_DEVICE_FAMILY = "1,2";
			};
			name = Release;
		};
/* End XCBuildConfiguration section */

/* Begin XCConfigurationList section */
		DA7117DB35FE52E934AFBB0A /* Build configuration list for PBXNativeTarget "BoilerplateUITests" */ = {
			isa = XCConfigurationList;
			buildConfigurations = (
				DA730B2477EE3D1F3F7CA0C7 /* Debug */,
				DA786FB09A5184B784E1759D /* Release */,
			);
			defaultConfigurationIsVisible = 0;
			defaultConfigurationName = Release;
		};
		DA7356F1179C76197073DD6B /* Build configuration list for PBXProject "Boilerplate" */ = {
			isa = XCConfigurationList;
			buildConfigurations = (
				DA7B3ECD8474081558AC8EEC /* Debug */,
				DA79785A7AA730A3227171EF /* Release */,
			);
			defaultConfigurationIsVisible = 0;
			defaultConfigurationName = Release;
		};
		DA7C5FEFBAC54CBB6B717047 /* Build configuration list for PBXNativeTarget "Boilerplate" */ = {
			isa = XCConfigurationList;
			buildConfigurations = (
				DA73123BBFDD3F752A57FD54 /* Debug */,
				DA7CB954EE1AA165A9412CB0 /* Release */,
			);
			defaultConfigurationIsVisible = 0;
			defaultConfigurationName = Release;
		};
		DA7F497863E765531A6C52CC /* Build configuration list for PBXNativeTarget "BoilerplateTests" */ = {
			isa = XCConfigurationList;
			buildConfigurations = (
				DA7AB8BAB15871FF0CD7D8FD /* Debug */,
				DA7648F7A8EB00BC3E3486E7 /* Release */,
			);
			defaultConfigurationIsVisible = 0;
			defaultConfigurationName = Release;
		};
/* End XCConfigurationList section */
	};
	rootObject = DA7B12F2BC2ACAB03CE27F34 /* Project object */;
}
