// !$*UTF8*$!
{
	archiveVersion = 1;
	classes = {
	};
	objectVersion = 46;
	objects = {

/* Begin PBXBuildFile section */
		4628D0A046F847B52E691CE3 /* Pods_ForecastToday_ForecastTodayUITests.framework in Frameworks */ = {isa = PBXBuildFile; fileRef = 538359265A488B91438152C3 /* Pods_ForecastToday_ForecastTodayUITests.framework */; };
		DA7015E0F7008D57AA800344 /* ForecastRequest.swift in Sources */ = {isa = PBXBuildFile; fileRef = DA7BFD193C47098C467FA7BC /* ForecastRequest.swift */; };
		DA71766DF418FE8CF41888C4 /* IntExtensions.swift in Sources */ = {isa = PBXBuildFile; fileRef = DA7EE922E4F64F27502A9875 /* IntExtensions.swift */; };
		DA720705BF00AB21DB1E854A /* RestAPI.swift in Sources */ = {isa = PBXBuildFile; fileRef = DA72269125FB2B4C983B6839 /* RestAPI.swift */; };
		DA72548E69EB1A4720706470 /* .swiftlint.yml in Resources */ = {isa = PBXBuildFile; fileRef = DA725D3F3594537780BA6642 /* .swiftlint.yml */; };
		DA728733BCDC2791FA77B0E3 /* Assets.xcassets in Resources */ = {isa = PBXBuildFile; fileRef = DA745D08BE3AA28494AFA5E5 /* Assets.xcassets */; };
		DA72FC2B050BAE96DE9D04E3 /* WeatherRepository.swift in Sources */ = {isa = PBXBuildFile; fileRef = DA7A8B575DE1E4CB0D1B353B /* WeatherRepository.swift */; };
		DA7327F1DDF48A78553A8D6E /* README.md in Sources */ = {isa = PBXBuildFile; fileRef = DA729A66F0485B07F34CEA70 /* README.md */; };
		DA73A96BEFBDC5A6752DA2F1 /* ForecastRequest.swift in Sources */ = {isa = PBXBuildFile; fileRef = DA7BFD193C47098C467FA7BC /* ForecastRequest.swift */; };
		DA7410732C7383BE2C4CBCD3 /* NetworkError.swift in Sources */ = {isa = PBXBuildFile; fileRef = DA73D37EF884E7A8BB2CBBB4 /* NetworkError.swift */; };
		DA741C36210A7CB4DAE03585 /* HomeVM.swift in Sources */ = {isa = PBXBuildFile; fileRef = DA74BAFB8ED798423FAF94B9 /* HomeVM.swift */; };
		DA7430029B656E79E8B6E4DD /* RestAPI.swift in Sources */ = {isa = PBXBuildFile; fileRef = DA72269125FB2B4C983B6839 /* RestAPI.swift */; };
		DA7483E8FE168BD704F2AEF5 /* Environment.swift in Sources */ = {isa = PBXBuildFile; fileRef = DA7C899BA7FCEF51ACFB2AAE /* Environment.swift */; };
		DA752F50DB033921FC5AAFAA /* .gitignore in Resources */ = {isa = PBXBuildFile; fileRef = DA7FC743E2E545E7483B3FDE /* .gitignore */; };
		DA755F133BB2418E0713A720 /* HomeVM.swift in Sources */ = {isa = PBXBuildFile; fileRef = DA74BAFB8ED798423FAF94B9 /* HomeVM.swift */; };
		DA756D679E2E92A8C3EE21D0 /* NetworkError.swift in Sources */ = {isa = PBXBuildFile; fileRef = DA73D37EF884E7A8BB2CBBB4 /* NetworkError.swift */; };
		DA758E346BF0A43C9EC2C12B /* NetworkResult.swift in Sources */ = {isa = PBXBuildFile; fileRef = DA73EAC9E3BAE38A41DA453A /* NetworkResult.swift */; };
		DA7604A8B5E182269F7248F7 /* Preview Assets.xcassets in Resources */ = {isa = PBXBuildFile; fileRef = DA79869624FAE12C10E9614E /* Preview Assets.xcassets */; };
		DA760D531847A7ADDA188397 /* .gitignore in Resources */ = {isa = PBXBuildFile; fileRef = DA7FC743E2E545E7483B3FDE /* .gitignore */; };
		DA7632FBB9E49EA193DC76EF /* ContentView.swift in Sources */ = {isa = PBXBuildFile; fileRef = DA77815E12E4657CDB768E89 /* ContentView.swift */; };
		DA766FB9205947E23AE077CF /* ForecastResponse.swift in Sources */ = {isa = PBXBuildFile; fileRef = DA7477BE9DDD0B21C6648339 /* ForecastResponse.swift */; };
		DA76E1847A3A96E4D4DDF249 /* ForecastTodayApp.swift in Sources */ = {isa = PBXBuildFile; fileRef = DA7DE31DBFB7ECBD8BD494F6 /* ForecastTodayApp.swift */; };
		DA7833A897EDEE2AA823E340 /* ForecastHourRow.swift in Sources */ = {isa = PBXBuildFile; fileRef = DA76C60E637FC3FC37FEAEDD /* ForecastHourRow.swift */; };
		DA788F6AF6248E7BC12332E4 /* ForecastRequest.swift in Sources */ = {isa = PBXBuildFile; fileRef = DA7BFD193C47098C467FA7BC /* ForecastRequest.swift */; };
		DA789ED5A120884ABC0CDD3A /* IntExtensions.swift in Sources */ = {isa = PBXBuildFile; fileRef = DA7EE922E4F64F27502A9875 /* IntExtensions.swift */; };
		DA78B8E50E05B43983E09BB8 /* ForecastDetailView.swift in Sources */ = {isa = PBXBuildFile; fileRef = DA7A8E63AC3AC1205C1041E7 /* ForecastDetailView.swift */; };
		DA796B46816304DB376D0F7D /* README.md in Sources */ = {isa = PBXBuildFile; fileRef = DA729A66F0485B07F34CEA70 /* README.md */; };
		DA797D60B6E031672B4BE5E3 /* DependencyGraph.swift in Sources */ = {isa = PBXBuildFile; fileRef = DA79FCA9F3E8E7819940714D /* DependencyGraph.swift */; };
		DA79877F7C863E7B040285BB /* HomeVM.swift in Sources */ = {isa = PBXBuildFile; fileRef = DA74BAFB8ED798423FAF94B9 /* HomeVM.swift */; };
		DA79985E1DA756694131F653 /* ForecastResponse.swift in Sources */ = {isa = PBXBuildFile; fileRef = DA7477BE9DDD0B21C6648339 /* ForecastResponse.swift */; };
		DA79E3A1F5D435E19FF7E47B /* ForecastTodayUITests.swift in Sources */ = {isa = PBXBuildFile; fileRef = DA7810A60FF7890A5C7A591D /* ForecastTodayUITests.swift */; };
		DA7A6448E577D6562248535C /* NetworkError.swift in Sources */ = {isa = PBXBuildFile; fileRef = DA73D37EF884E7A8BB2CBBB4 /* NetworkError.swift */; };
		DA7AF87250FA3FF471BF5F72 /* ForecastResponse.swift in Sources */ = {isa = PBXBuildFile; fileRef = DA7477BE9DDD0B21C6648339 /* ForecastResponse.swift */; };
		DA7B5B0AD98AA2B6D13315CB /* ForecastTodayRestAPI.swift in Sources */ = {isa = PBXBuildFile; fileRef = DA711A13ACAB725788CCB59B /* ForecastTodayRestAPI.swift */; };
		DA7BE9C2CF8DE95FF7CE7968 /* WeatherRepository.swift in Sources */ = {isa = PBXBuildFile; fileRef = DA7A8B575DE1E4CB0D1B353B /* WeatherRepository.swift */; };
		DA7C1653A718F0A243568EC3 /* NetworkResult.swift in Sources */ = {isa = PBXBuildFile; fileRef = DA73EAC9E3BAE38A41DA453A /* NetworkResult.swift */; };
		DA7C4E066C989E8529B9923D /* HomeView.swift in Sources */ = {isa = PBXBuildFile; fileRef = DA77C0909BA36B249C4F54D1 /* HomeView.swift */; };
		DA7D872EBAB6FAD34458D18E /* ForecastTodayUITestsLaunchTests.swift in Sources */ = {isa = PBXBuildFile; fileRef = DA7D20EF37ED1715C87864EB /* ForecastTodayUITestsLaunchTests.swift */; };
		DA7DD864C934FEACD64225AC /* .swiftlint.yml in Resources */ = {isa = PBXBuildFile; fileRef = DA725D3F3594537780BA6642 /* .swiftlint.yml */; };
		DA7DE6C54F445E78FF7295D6 /* ForecastTodayTests.swift in Sources */ = {isa = PBXBuildFile; fileRef = DA76444820248590F0E8014A /* ForecastTodayTests.swift */; };
		DA7EA2E5AA767045D4B94D91 /* .swiftlint.yml in Resources */ = {isa = PBXBuildFile; fileRef = DA725D3F3594537780BA6642 /* .swiftlint.yml */; };
		DA7ED79C47B42C3E84C4CE7A /* .gitignore in Resources */ = {isa = PBXBuildFile; fileRef = DA7FC743E2E545E7483B3FDE /* .gitignore */; };
		DA7F14C16C402C9CE7EF9245 /* RestAPI.swift in Sources */ = {isa = PBXBuildFile; fileRef = DA72269125FB2B4C983B6839 /* RestAPI.swift */; };
		DA7FC168C0FD07823F46E277 /* IntExtensions.swift in Sources */ = {isa = PBXBuildFile; fileRef = DA7EE922E4F64F27502A9875 /* IntExtensions.swift */; };
		DA7FDA0CB097913767356082 /* WeatherRepository.swift in Sources */ = {isa = PBXBuildFile; fileRef = DA7A8B575DE1E4CB0D1B353B /* WeatherRepository.swift */; };
		DA7FDB6609DCDB8DDB79B31B /* NetworkResult.swift in Sources */ = {isa = PBXBuildFile; fileRef = DA73EAC9E3BAE38A41DA453A /* NetworkResult.swift */; };
		F17057D5CCBA26FA082403B3 /* Pods_ForecastTodayTests.framework in Frameworks */ = {isa = PBXBuildFile; fileRef = 799029546A13B31418399ED4 /* Pods_ForecastTodayTests.framework */; };
		F64C4C039C7F09D18897C8D1 /* Pods_ForecastToday.framework in Frameworks */ = {isa = PBXBuildFile; fileRef = 067D366A0ED716001B6BD9C7 /* Pods_ForecastToday.framework */; };
/* End PBXBuildFile section */

/* Begin PBXContainerItemProxy section */
		DA749DC24DBD0F595D130C84 /* PBXContainerItemProxy */ = {
			isa = PBXContainerItemProxy;
			containerPortal = DA7B12F2BC2ACAB03CE27F34 /* Project object */;
			proxyType = 1;
			remoteGlobalIDString = DA7857F019C5C01E7F29CCCA;
			remoteInfo = ForecastToday;
		};
		DA7BF6501D99162CDB6B37D0 /* PBXContainerItemProxy */ = {
			isa = PBXContainerItemProxy;
			containerPortal = DA7B12F2BC2ACAB03CE27F34 /* Project object */;
			proxyType = 1;
			remoteGlobalIDString = DA7857F019C5C01E7F29CCCA;
			remoteInfo = ForecastToday;
		};
/* End PBXContainerItemProxy section */

/* Begin PBXFileReference section */
		067D366A0ED716001B6BD9C7 /* Pods_ForecastToday.framework */ = {isa = PBXFileReference; explicitFileType = wrapper.framework; includeInIndex = 0; path = Pods_ForecastToday.framework; sourceTree = BUILT_PRODUCTS_DIR; };
		1C74B63AE731B93338DAE01C /* Pods-ForecastTodayTests.release.xcconfig */ = {isa = PBXFileReference; includeInIndex = 1; lastKnownFileType = text.xcconfig; name = "Pods-ForecastTodayTests.release.xcconfig"; path = "Target Support Files/Pods-ForecastTodayTests/Pods-ForecastTodayTests.release.xcconfig"; sourceTree = "<group>"; };
		390F1EF2D6118151B22416CE /* Pods-ForecastTodayTests.debug.xcconfig */ = {isa = PBXFileReference; includeInIndex = 1; lastKnownFileType = text.xcconfig; name = "Pods-ForecastTodayTests.debug.xcconfig"; path = "Target Support Files/Pods-ForecastTodayTests/Pods-ForecastTodayTests.debug.xcconfig"; sourceTree = "<group>"; };
		50E6B271B9437536558250E6 /* Pods-ForecastToday-ForecastTodayUITests.release.xcconfig */ = {isa = PBXFileReference; includeInIndex = 1; lastKnownFileType = text.xcconfig; name = "Pods-ForecastToday-ForecastTodayUITests.release.xcconfig"; path = "Target Support Files/Pods-ForecastToday-ForecastTodayUITests/Pods-ForecastToday-ForecastTodayUITests.release.xcconfig"; sourceTree = "<group>"; };
		538359265A488B91438152C3 /* Pods_ForecastToday_ForecastTodayUITests.framework */ = {isa = PBXFileReference; explicitFileType = wrapper.framework; includeInIndex = 0; path = Pods_ForecastToday_ForecastTodayUITests.framework; sourceTree = BUILT_PRODUCTS_DIR; };
		6E3A25A727E804F300E87184 /* debug.xcconfig */ = {isa = PBXFileReference; lastKnownFileType = text.xcconfig; path = debug.xcconfig; sourceTree = "<group>"; };
		6E3A25AB27E808CE00E87184 /* release.xcconfig */ = {isa = PBXFileReference; lastKnownFileType = text.xcconfig; path = release.xcconfig; sourceTree = "<group>"; };
		73C73CDD214AD7768132EF9E /* Pods-ForecastToday.release.xcconfig */ = {isa = PBXFileReference; includeInIndex = 1; lastKnownFileType = text.xcconfig; name = "Pods-ForecastToday.release.xcconfig"; path = "Target Support Files/Pods-ForecastToday/Pods-ForecastToday.release.xcconfig"; sourceTree = "<group>"; };
		799029546A13B31418399ED4 /* Pods_ForecastTodayTests.framework */ = {isa = PBXFileReference; explicitFileType = wrapper.framework; includeInIndex = 0; path = Pods_ForecastTodayTests.framework; sourceTree = BUILT_PRODUCTS_DIR; };
		9CB1F023D037D0DD7449F4B2 /* Pods-ForecastToday-ForecastTodayUITests.debug.xcconfig */ = {isa = PBXFileReference; includeInIndex = 1; lastKnownFileType = text.xcconfig; name = "Pods-ForecastToday-ForecastTodayUITests.debug.xcconfig"; path = "Target Support Files/Pods-ForecastToday-ForecastTodayUITests/Pods-ForecastToday-ForecastTodayUITests.debug.xcconfig"; sourceTree = "<group>"; };
		DA711A13ACAB725788CCB59B /* ForecastTodayRestAPI.swift */ = {isa = PBXFileReference; fileEncoding = 4; lastKnownFileType = sourcecode.swift; path = ForecastTodayRestAPI.swift; sourceTree = "<group>"; };
		DA72269125FB2B4C983B6839 /* RestAPI.swift */ = {isa = PBXFileReference; fileEncoding = 4; lastKnownFileType = sourcecode.swift; path = RestAPI.swift; sourceTree = "<group>"; };
		DA725D3F3594537780BA6642 /* .swiftlint.yml */ = {isa = PBXFileReference; fileEncoding = 4; lastKnownFileType = text.yaml; path = .swiftlint.yml; sourceTree = "<group>"; };
		DA729A66F0485B07F34CEA70 /* README.md */ = {isa = PBXFileReference; fileEncoding = 4; lastKnownFileType = net.daringfireball.markdown; path = README.md; sourceTree = "<group>"; };
		DA73D37EF884E7A8BB2CBBB4 /* NetworkError.swift */ = {isa = PBXFileReference; fileEncoding = 4; lastKnownFileType = sourcecode.swift; path = NetworkError.swift; sourceTree = "<group>"; };
		DA73EAC9E3BAE38A41DA453A /* NetworkResult.swift */ = {isa = PBXFileReference; fileEncoding = 4; lastKnownFileType = sourcecode.swift; path = NetworkResult.swift; sourceTree = "<group>"; };
		DA73F6D6A66F9A540FA73D85 /* ForecastTodayTests.xctest */ = {isa = PBXFileReference; explicitFileType = wrapper.cfbundle; includeInIndex = 0; path = ForecastTodayTests.xctest; sourceTree = BUILT_PRODUCTS_DIR; };
		DA745D08BE3AA28494AFA5E5 /* Assets.xcassets */ = {isa = PBXFileReference; lastKnownFileType = folder.assetcatalog; path = Assets.xcassets; sourceTree = "<group>"; };
		DA7477BE9DDD0B21C6648339 /* ForecastResponse.swift */ = {isa = PBXFileReference; fileEncoding = 4; lastKnownFileType = sourcecode.swift; path = ForecastResponse.swift; sourceTree = "<group>"; };
		DA74BAFB8ED798423FAF94B9 /* HomeVM.swift */ = {isa = PBXFileReference; fileEncoding = 4; lastKnownFileType = sourcecode.swift; path = HomeVM.swift; sourceTree = "<group>"; };
		DA76444820248590F0E8014A /* ForecastTodayTests.swift */ = {isa = PBXFileReference; lastKnownFileType = sourcecode.swift; path = ForecastTodayTests.swift; sourceTree = "<group>"; };
		DA76C60E637FC3FC37FEAEDD /* ForecastHourRow.swift */ = {isa = PBXFileReference; fileEncoding = 4; lastKnownFileType = sourcecode.swift; path = ForecastHourRow.swift; sourceTree = "<group>"; };
		DA77815E12E4657CDB768E89 /* ContentView.swift */ = {isa = PBXFileReference; lastKnownFileType = sourcecode.swift; path = ContentView.swift; sourceTree = "<group>"; };
		DA77C0909BA36B249C4F54D1 /* HomeView.swift */ = {isa = PBXFileReference; fileEncoding = 4; lastKnownFileType = sourcecode.swift; path = HomeView.swift; sourceTree = "<group>"; };
		DA7810A60FF7890A5C7A591D /* ForecastTodayUITests.swift */ = {isa = PBXFileReference; lastKnownFileType = sourcecode.swift; path = ForecastTodayUITests.swift; sourceTree = "<group>"; };
		DA79869624FAE12C10E9614E /* Preview Assets.xcassets */ = {isa = PBXFileReference; lastKnownFileType = folder.assetcatalog; path = "Preview Assets.xcassets"; sourceTree = "<group>"; };
		DA79FCA9F3E8E7819940714D /* DependencyGraph.swift */ = {isa = PBXFileReference; fileEncoding = 4; lastKnownFileType = sourcecode.swift; path = DependencyGraph.swift; sourceTree = "<group>"; };
		DA7A37178B5F83976E4EACE7 /* ForecastToday.app */ = {isa = PBXFileReference; explicitFileType = wrapper.application; includeInIndex = 0; path = ForecastToday.app; sourceTree = BUILT_PRODUCTS_DIR; };
		DA7A8B575DE1E4CB0D1B353B /* WeatherRepository.swift */ = {isa = PBXFileReference; fileEncoding = 4; lastKnownFileType = sourcecode.swift; path = WeatherRepository.swift; sourceTree = "<group>"; };
		DA7A8E63AC3AC1205C1041E7 /* ForecastDetailView.swift */ = {isa = PBXFileReference; fileEncoding = 4; lastKnownFileType = sourcecode.swift; path = ForecastDetailView.swift; sourceTree = "<group>"; };
		DA7B2132366640E6D97F99A6 /* ForecastTodayUITests.xctest */ = {isa = PBXFileReference; explicitFileType = wrapper.cfbundle; includeInIndex = 0; path = ForecastTodayUITests.xctest; sourceTree = BUILT_PRODUCTS_DIR; };
		DA7BFD193C47098C467FA7BC /* ForecastRequest.swift */ = {isa = PBXFileReference; fileEncoding = 4; lastKnownFileType = sourcecode.swift; path = ForecastRequest.swift; sourceTree = "<group>"; };
		DA7C899BA7FCEF51ACFB2AAE /* Environment.swift */ = {isa = PBXFileReference; fileEncoding = 4; lastKnownFileType = sourcecode.swift; path = Environment.swift; sourceTree = "<group>"; };
		DA7D20EF37ED1715C87864EB /* ForecastTodayUITestsLaunchTests.swift */ = {isa = PBXFileReference; lastKnownFileType = sourcecode.swift; path = ForecastTodayUITestsLaunchTests.swift; sourceTree = "<group>"; };
		DA7DE31DBFB7ECBD8BD494F6 /* ForecastTodayApp.swift */ = {isa = PBXFileReference; lastKnownFileType = sourcecode.swift; path = ForecastTodayApp.swift; sourceTree = "<group>"; };
		DA7EE922E4F64F27502A9875 /* IntExtensions.swift */ = {isa = PBXFileReference; fileEncoding = 4; lastKnownFileType = sourcecode.swift; path = IntExtensions.swift; sourceTree = "<group>"; };
		DA7FC743E2E545E7483B3FDE /* .gitignore */ = {isa = PBXFileReference; lastKnownFileType = file.gitignore; path = .gitignore; sourceTree = "<group>"; };
		DFB485C1272EA5418CEE33C8 /* Pods-ForecastToday.debug.xcconfig */ = {isa = PBXFileReference; includeInIndex = 1; lastKnownFileType = text.xcconfig; name = "Pods-ForecastToday.debug.xcconfig"; path = "Target Support Files/Pods-ForecastToday/Pods-ForecastToday.debug.xcconfig"; sourceTree = "<group>"; };
/* End PBXFileReference section */

/* Begin PBXFrameworksBuildPhase section */
		DA706F9C41EA4F9A8D0C3EE1 /* Frameworks */ = {
			isa = PBXFrameworksBuildPhase;
			buildActionMask = 2147483647;
			files = (
				F17057D5CCBA26FA082403B3 /* Pods_ForecastTodayTests.framework in Frameworks */,
			);
			runOnlyForDeploymentPostprocessing = 0;
		};
		DA752183C7EEE9C36AF9D09F /* Frameworks */ = {
			isa = PBXFrameworksBuildPhase;
			buildActionMask = 2147483647;
			files = (
				4628D0A046F847B52E691CE3 /* Pods_ForecastToday_ForecastTodayUITests.framework in Frameworks */,
			);
			runOnlyForDeploymentPostprocessing = 0;
		};
		DA7D792998166183248EA0A2 /* Frameworks */ = {
			isa = PBXFrameworksBuildPhase;
			buildActionMask = 2147483647;
			files = (
				F64C4C039C7F09D18897C8D1 /* Pods_ForecastToday.framework in Frameworks */,
			);
			runOnlyForDeploymentPostprocessing = 0;
		};
/* End PBXFrameworksBuildPhase section */

/* Begin PBXGroup section */
		2A1B599D6D4F9CB3566E3FAE /* Pods */ = {
			isa = PBXGroup;
			children = (
				DFB485C1272EA5418CEE33C8 /* Pods-ForecastToday.debug.xcconfig */,
				73C73CDD214AD7768132EF9E /* Pods-ForecastToday.release.xcconfig */,
				9CB1F023D037D0DD7449F4B2 /* Pods-ForecastToday-ForecastTodayUITests.debug.xcconfig */,
				50E6B271B9437536558250E6 /* Pods-ForecastToday-ForecastTodayUITests.release.xcconfig */,
				390F1EF2D6118151B22416CE /* Pods-ForecastTodayTests.debug.xcconfig */,
				1C74B63AE731B93338DAE01C /* Pods-ForecastTodayTests.release.xcconfig */,
			);
			path = Pods;
			sourceTree = "<group>";
		};
		DA7397F05CD98544365140D3 /* weather */ = {
			isa = PBXGroup;
			children = (
				DA77C0909BA36B249C4F54D1 /* HomeView.swift */,
				DA7A8B575DE1E4CB0D1B353B /* WeatherRepository.swift */,
				DA7A8E63AC3AC1205C1041E7 /* ForecastDetailView.swift */,
				DA74BAFB8ED798423FAF94B9 /* HomeVM.swift */,
				DA76C60E637FC3FC37FEAEDD /* ForecastHourRow.swift */,
			);
			path = weather;
			sourceTree = "<group>";
		};
		DA74355C22EE02E33FF430DB = {
			isa = PBXGroup;
			children = (
				6E3A25AB27E808CE00E87184 /* release.xcconfig */,
				6E3A25A727E804F300E87184 /* debug.xcconfig */,
				DA7F17C865270A8D1AD7F4E1 /* Products */,
				DA7B97218825ABAE9CA09666 /* ForecastToday */,
				DA7C37295E0AF0209E4E10DF /* ForecastTodayTests */,
				DA7C2517A002ECC5205BC187 /* ForecastTodayUITests */,
				DA7FC743E2E545E7483B3FDE /* .gitignore */,
				DA729A66F0485B07F34CEA70 /* README.md */,
				2A1B599D6D4F9CB3566E3FAE /* Pods */,
				F27264A88B7B11B023E87533 /* Frameworks */,
				DA725D3F3594537780BA6642 /* .swiftlint.yml */,
			);
			sourceTree = "<group>";
		};
		DA74B17740BA5E03A2CF8D17 /* request */ = {
			isa = PBXGroup;
			children = (
				DA7BFD193C47098C467FA7BC /* ForecastRequest.swift */,
			);
			path = request;
			sourceTree = "<group>";
		};
		DA7551001C9400CFD349B47C /* network */ = {
			isa = PBXGroup;
			children = (
				DA73EAC9E3BAE38A41DA453A /* NetworkResult.swift */,
				DA711A13ACAB725788CCB59B /* ForecastTodayRestAPI.swift */,
				DA72269125FB2B4C983B6839 /* RestAPI.swift */,
				DA74B17740BA5E03A2CF8D17 /* request */,
				DA73D37EF884E7A8BB2CBBB4 /* NetworkError.swift */,
				DA7A4EB6BE9474EEBD7829C0 /* response */,
			);
			path = network;
			sourceTree = "<group>";
		};
		DA76EA3E3ECF3172EECB4032 /* Preview Content */ = {
			isa = PBXGroup;
			children = (
				DA79869624FAE12C10E9614E /* Preview Assets.xcassets */,
			);
			path = "Preview Content";
			sourceTree = "<group>";
		};
		DA785423C7C7BF371612A7F6 /* feature */ = {
			isa = PBXGroup;
			children = (
				DA7397F05CD98544365140D3 /* weather */,
			);
			path = feature;
			sourceTree = "<group>";
		};
		DA79193B9595B34310922A68 /* extensions */ = {
			isa = PBXGroup;
			children = (
				DA7EE922E4F64F27502A9875 /* IntExtensions.swift */,
			);
			path = extensions;
			sourceTree = "<group>";
		};
		DA7A4EB6BE9474EEBD7829C0 /* response */ = {
			isa = PBXGroup;
			children = (
				DA7477BE9DDD0B21C6648339 /* ForecastResponse.swift */,
			);
			path = response;
			sourceTree = "<group>";
		};
		DA7B97218825ABAE9CA09666 /* ForecastToday */ = {
			isa = PBXGroup;
			children = (
				DA745D08BE3AA28494AFA5E5 /* Assets.xcassets */,
				DA76EA3E3ECF3172EECB4032 /* Preview Content */,
				DA7DE31DBFB7ECBD8BD494F6 /* ForecastTodayApp.swift */,
				DA77815E12E4657CDB768E89 /* ContentView.swift */,
				DA785423C7C7BF371612A7F6 /* feature */,
				DA7551001C9400CFD349B47C /* network */,
				DA7C899BA7FCEF51ACFB2AAE /* Environment.swift */,
				DA79193B9595B34310922A68 /* extensions */,
				DA79FCA9F3E8E7819940714D /* DependencyGraph.swift */,
			);
			path = ForecastToday;
			sourceTree = "<group>";
		};
		DA7C2517A002ECC5205BC187 /* ForecastTodayUITests */ = {
			isa = PBXGroup;
			children = (
				DA7810A60FF7890A5C7A591D /* ForecastTodayUITests.swift */,
				DA7D20EF37ED1715C87864EB /* ForecastTodayUITestsLaunchTests.swift */,
			);
			path = ForecastTodayUITests;
			sourceTree = "<group>";
		};
		DA7C37295E0AF0209E4E10DF /* ForecastTodayTests */ = {
			isa = PBXGroup;
			children = (
				DA76444820248590F0E8014A /* ForecastTodayTests.swift */,
			);
			path = ForecastTodayTests;
			sourceTree = "<group>";
		};
		DA7F17C865270A8D1AD7F4E1 /* Products */ = {
			isa = PBXGroup;
			children = (
				DA7A37178B5F83976E4EACE7 /* ForecastToday.app */,
				DA73F6D6A66F9A540FA73D85 /* ForecastTodayTests.xctest */,
				DA7B2132366640E6D97F99A6 /* ForecastTodayUITests.xctest */,
			);
			name = Products;
			sourceTree = "<group>";
		};
		F27264A88B7B11B023E87533 /* Frameworks */ = {
			isa = PBXGroup;
			children = (
				067D366A0ED716001B6BD9C7 /* Pods_ForecastToday.framework */,
				538359265A488B91438152C3 /* Pods_ForecastToday_ForecastTodayUITests.framework */,
				799029546A13B31418399ED4 /* Pods_ForecastTodayTests.framework */,
			);
			name = Frameworks;
			sourceTree = "<group>";
		};
/* End PBXGroup section */

/* Begin PBXNativeTarget section */
		DA75DBB38E3338C47ED61435 /* ForecastTodayTests */ = {
			isa = PBXNativeTarget;
			buildConfigurationList = DA7F497863E765531A6C52CC /* Build configuration list for PBXNativeTarget "ForecastTodayTests" */;
			buildPhases = (
				A0BC8346B9913D7D249B4121 /* [CP] Check Pods Manifest.lock */,
				DA7ABB4FACD9437B2ECC14D9 /* Sources */,
				DA706F9C41EA4F9A8D0C3EE1 /* Frameworks */,
				DA7F27441FD8C0553B1B759A /* Resources */,
			);
			buildRules = (
			);
			dependencies = (
				DA79B353A43181872F022591 /* PBXTargetDependency */,
			);
			name = ForecastTodayTests;
			productName = ForecastTodayTests;
			productReference = DA73F6D6A66F9A540FA73D85 /* ForecastTodayTests.xctest */;
			productType = "com.apple.product-type.bundle.unit-test";
		};
		DA7857F019C5C01E7F29CCCA /* ForecastToday */ = {
			isa = PBXNativeTarget;
			buildConfigurationList = DA7C5FEFBAC54CBB6B717047 /* Build configuration list for PBXNativeTarget "ForecastToday" */;
			buildPhases = (
				F2249B4A0C423C90F8A248BD /* [CP] Check Pods Manifest.lock */,
				DA7FAD93FB2D1BD5CB9BF5C7 /* Sources */,
				DA7D792998166183248EA0A2 /* Frameworks */,
				DA78020F8F428014F98F45E5 /* Resources */,
				6E3A25A627E5A7E800E87184 /* ShellScript */,
			);
			buildRules = (
			);
			dependencies = (
			);
			name = ForecastToday;
			productName = ForecastToday;
			productReference = DA7A37178B5F83976E4EACE7 /* ForecastToday.app */;
			productType = "com.apple.product-type.application";
		};
		DA7F9B4C4A60DD23AB97606B /* ForecastTodayUITests */ = {
			isa = PBXNativeTarget;
			buildConfigurationList = DA7117DB35FE52E934AFBB0A /* Build configuration list for PBXNativeTarget "ForecastTodayUITests" */;
			buildPhases = (
				36E6D11E373825D42D676335 /* [CP] Check Pods Manifest.lock */,
				DA7B2BA347DACCD4598C529C /* Sources */,
				DA752183C7EEE9C36AF9D09F /* Frameworks */,
				DA7654E162DD210E4AB67C79 /* Resources */,
			);
			buildRules = (
			);
			dependencies = (
				DA7FA73F12FFFB7C5AF408C7 /* PBXTargetDependency */,
			);
			name = ForecastTodayUITests;
			productName = ForecastTodayUITests;
			productReference = DA7B2132366640E6D97F99A6 /* ForecastTodayUITests.xctest */;
			productType = "com.apple.product-type.bundle.ui-testing";
		};
/* End PBXNativeTarget section */

/* Begin PBXProject section */
		DA7B12F2BC2ACAB03CE27F34 /* Project object */ = {
			isa = PBXProject;
			attributes = {
				LastUpgradeCheck = 1330;
			};
			buildConfigurationList = DA7356F1179C76197073DD6B /* Build configuration list for PBXProject "ForecastToday" */;
			compatibilityVersion = "Xcode 3.2";
			developmentRegion = en;
			hasScannedForEncodings = 0;
			knownRegions = (
				en,
				Base,
			);
			mainGroup = DA74355C22EE02E33FF430DB;
			productRefGroup = DA7F17C865270A8D1AD7F4E1 /* Products */;
			projectDirPath = "";
			projectRoot = "";
			targets = (
				DA7857F019C5C01E7F29CCCA /* ForecastToday */,
				DA75DBB38E3338C47ED61435 /* ForecastTodayTests */,
				DA7F9B4C4A60DD23AB97606B /* ForecastTodayUITests */,
			);
		};
/* End PBXProject section */

/* Begin PBXResourcesBuildPhase section */
		DA7654E162DD210E4AB67C79 /* Resources */ = {
			isa = PBXResourcesBuildPhase;
			buildActionMask = 2147483647;
			files = (
				DA7ED79C47B42C3E84C4CE7A /* .gitignore in Resources */,
				DA7EA2E5AA767045D4B94D91 /* .swiftlint.yml in Resources */,
			);
			runOnlyForDeploymentPostprocessing = 0;
		};
		DA78020F8F428014F98F45E5 /* Resources */ = {
			isa = PBXResourcesBuildPhase;
			buildActionMask = 2147483647;
			files = (
				DA728733BCDC2791FA77B0E3 /* Assets.xcassets in Resources */,
				DA7604A8B5E182269F7248F7 /* Preview Assets.xcassets in Resources */,
				DA752F50DB033921FC5AAFAA /* .gitignore in Resources */,
				DA72548E69EB1A4720706470 /* .swiftlint.yml in Resources */,
			);
			runOnlyForDeploymentPostprocessing = 0;
		};
		DA7F27441FD8C0553B1B759A /* Resources */ = {
			isa = PBXResourcesBuildPhase;
			buildActionMask = 2147483647;
			files = (
				DA760D531847A7ADDA188397 /* .gitignore in Resources */,
				DA7DD864C934FEACD64225AC /* .swiftlint.yml in Resources */,
			);
			runOnlyForDeploymentPostprocessing = 0;
		};
/* End PBXResourcesBuildPhase section */

/* Begin PBXShellScriptBuildPhase section */
		36E6D11E373825D42D676335 /* [CP] Check Pods Manifest.lock */ = {
			isa = PBXShellScriptBuildPhase;
			buildActionMask = 2147483647;
			files = (
			);
			inputFileListPaths = (
			);
			inputPaths = (
				"${PODS_PODFILE_DIR_PATH}/Podfile.lock",
				"${PODS_ROOT}/Manifest.lock",
			);
			name = "[CP] Check Pods Manifest.lock";
			outputFileListPaths = (
			);
			outputPaths = (
				"$(DERIVED_FILE_DIR)/Pods-ForecastToday-ForecastTodayUITests-checkManifestLockResult.txt",
			);
			runOnlyForDeploymentPostprocessing = 0;
			shellPath = /bin/sh;
			shellScript = "diff \"${PODS_PODFILE_DIR_PATH}/Podfile.lock\" \"${PODS_ROOT}/Manifest.lock\" > /dev/null\nif [ $? != 0 ] ; then\n    # print error to STDERR\n    echo \"error: The sandbox is not in sync with the Podfile.lock. Run 'pod install' or update your CocoaPods installation.\" >&2\n    exit 1\nfi\n# This output is used by Xcode 'outputs' to avoid re-running this script phase.\necho \"SUCCESS\" > \"${SCRIPT_OUTPUT_FILE_0}\"\n";
			showEnvVarsInLog = 0;
		};
		6E3A25A627E5A7E800E87184 /* ShellScript */ = {
			isa = PBXShellScriptBuildPhase;
			buildActionMask = 2147483647;
			files = (
			);
			inputFileListPaths = (
			);
			inputPaths = (
			);
			outputFileListPaths = (
			);
			outputPaths = (
			);
			runOnlyForDeploymentPostprocessing = 0;
			shellPath = /bin/sh;
			shellScript = "\"${PODS_ROOT}/SwiftLint/swiftlint\"\n";
		};
		A0BC8346B9913D7D249B4121 /* [CP] Check Pods Manifest.lock */ = {
			isa = PBXShellScriptBuildPhase;
			buildActionMask = 2147483647;
			files = (
			);
			inputFileListPaths = (
			);
			inputPaths = (
				"${PODS_PODFILE_DIR_PATH}/Podfile.lock",
				"${PODS_ROOT}/Manifest.lock",
			);
			name = "[CP] Check Pods Manifest.lock";
			outputFileListPaths = (
			);
			outputPaths = (
				"$(DERIVED_FILE_DIR)/Pods-ForecastTodayTests-checkManifestLockResult.txt",
			);
			runOnlyForDeploymentPostprocessing = 0;
			shellPath = /bin/sh;
			shellScript = "diff \"${PODS_PODFILE_DIR_PATH}/Podfile.lock\" \"${PODS_ROOT}/Manifest.lock\" > /dev/null\nif [ $? != 0 ] ; then\n    # print error to STDERR\n    echo \"error: The sandbox is not in sync with the Podfile.lock. Run 'pod install' or update your CocoaPods installation.\" >&2\n    exit 1\nfi\n# This output is used by Xcode 'outputs' to avoid re-running this script phase.\necho \"SUCCESS\" > \"${SCRIPT_OUTPUT_FILE_0}\"\n";
			showEnvVarsInLog = 0;
		};
		F2249B4A0C423C90F8A248BD /* [CP] Check Pods Manifest.lock */ = {
			isa = PBXShellScriptBuildPhase;
			buildActionMask = 2147483647;
			files = (
			);
			inputFileListPaths = (
			);
			inputPaths = (
				"${PODS_PODFILE_DIR_PATH}/Podfile.lock",
				"${PODS_ROOT}/Manifest.lock",
			);
			name = "[CP] Check Pods Manifest.lock";
			outputFileListPaths = (
			);
			outputPaths = (
				"$(DERIVED_FILE_DIR)/Pods-ForecastToday-checkManifestLockResult.txt",
			);
			runOnlyForDeploymentPostprocessing = 0;
			shellPath = /bin/sh;
			shellScript = "diff \"${PODS_PODFILE_DIR_PATH}/Podfile.lock\" \"${PODS_ROOT}/Manifest.lock\" > /dev/null\nif [ $? != 0 ] ; then\n    # print error to STDERR\n    echo \"error: The sandbox is not in sync with the Podfile.lock. Run 'pod install' or update your CocoaPods installation.\" >&2\n    exit 1\nfi\n# This output is used by Xcode 'outputs' to avoid re-running this script phase.\necho \"SUCCESS\" > \"${SCRIPT_OUTPUT_FILE_0}\"\n";
			showEnvVarsInLog = 0;
		};
/* End PBXShellScriptBuildPhase section */

/* Begin PBXSourcesBuildPhase section */
		DA7ABB4FACD9437B2ECC14D9 /* Sources */ = {
			isa = PBXSourcesBuildPhase;
			buildActionMask = 2147483647;
			files = (
				DA7DE6C54F445E78FF7295D6 /* ForecastTodayTests.swift in Sources */,
				DA7327F1DDF48A78553A8D6E /* README.md in Sources */,
				DA758E346BF0A43C9EC2C12B /* NetworkResult.swift in Sources */,
				DA7F14C16C402C9CE7EF9245 /* RestAPI.swift in Sources */,
				DA7FDA0CB097913767356082 /* WeatherRepository.swift in Sources */,
				DA788F6AF6248E7BC12332E4 /* ForecastRequest.swift in Sources */,
				DA755F133BB2418E0713A720 /* HomeVM.swift in Sources */,
				DA7410732C7383BE2C4CBCD3 /* NetworkError.swift in Sources */,
				DA766FB9205947E23AE077CF /* ForecastResponse.swift in Sources */,
				DA7FC168C0FD07823F46E277 /* IntExtensions.swift in Sources */,
			);
			runOnlyForDeploymentPostprocessing = 0;
		};
		DA7B2BA347DACCD4598C529C /* Sources */ = {
			isa = PBXSourcesBuildPhase;
			buildActionMask = 2147483647;
			files = (
				DA79E3A1F5D435E19FF7E47B /* ForecastTodayUITests.swift in Sources */,
				DA7D872EBAB6FAD34458D18E /* ForecastTodayUITestsLaunchTests.swift in Sources */,
				DA796B46816304DB376D0F7D /* README.md in Sources */,
				DA7FDB6609DCDB8DDB79B31B /* NetworkResult.swift in Sources */,
				DA7430029B656E79E8B6E4DD /* RestAPI.swift in Sources */,
				DA7BE9C2CF8DE95FF7CE7968 /* WeatherRepository.swift in Sources */,
				DA7015E0F7008D57AA800344 /* ForecastRequest.swift in Sources */,
				DA79877F7C863E7B040285BB /* HomeVM.swift in Sources */,
				DA756D679E2E92A8C3EE21D0 /* NetworkError.swift in Sources */,
				DA7AF87250FA3FF471BF5F72 /* ForecastResponse.swift in Sources */,
				DA71766DF418FE8CF41888C4 /* IntExtensions.swift in Sources */,
			);
			runOnlyForDeploymentPostprocessing = 0;
		};
		DA7FAD93FB2D1BD5CB9BF5C7 /* Sources */ = {
			isa = PBXSourcesBuildPhase;
			buildActionMask = 2147483647;
			files = (
				DA76E1847A3A96E4D4DDF249 /* ForecastTodayApp.swift in Sources */,
				DA7632FBB9E49EA193DC76EF /* ContentView.swift in Sources */,
				DA7C1653A718F0A243568EC3 /* NetworkResult.swift in Sources */,
				DA7B5B0AD98AA2B6D13315CB /* ForecastTodayRestAPI.swift in Sources */,
				DA720705BF00AB21DB1E854A /* RestAPI.swift in Sources */,
				DA7C4E066C989E8529B9923D /* HomeView.swift in Sources */,
				DA72FC2B050BAE96DE9D04E3 /* WeatherRepository.swift in Sources */,
				DA73A96BEFBDC5A6752DA2F1 /* ForecastRequest.swift in Sources */,
				DA78B8E50E05B43983E09BB8 /* ForecastDetailView.swift in Sources */,
				DA741C36210A7CB4DAE03585 /* HomeVM.swift in Sources */,
				DA7A6448E577D6562248535C /* NetworkError.swift in Sources */,
				DA7483E8FE168BD704F2AEF5 /* Environment.swift in Sources */,
				DA79985E1DA756694131F653 /* ForecastResponse.swift in Sources */,
				DA789ED5A120884ABC0CDD3A /* IntExtensions.swift in Sources */,
				DA7833A897EDEE2AA823E340 /* ForecastHourRow.swift in Sources */,
				DA797D60B6E031672B4BE5E3 /* DependencyGraph.swift in Sources */,
			);
			runOnlyForDeploymentPostprocessing = 0;
		};
/* End PBXSourcesBuildPhase section */

/* Begin PBXTargetDependency section */
		DA79B353A43181872F022591 /* PBXTargetDependency */ = {
			isa = PBXTargetDependency;
			target = DA7857F019C5C01E7F29CCCA /* ForecastToday */;
			targetProxy = DA749DC24DBD0F595D130C84 /* PBXContainerItemProxy */;
		};
		DA7FA73F12FFFB7C5AF408C7 /* PBXTargetDependency */ = {
			isa = PBXTargetDependency;
			target = DA7857F019C5C01E7F29CCCA /* ForecastToday */;
			targetProxy = DA7BF6501D99162CDB6B37D0 /* PBXContainerItemProxy */;
		};
/* End PBXTargetDependency section */

/* Begin XCBuildConfiguration section */
		DA730B2477EE3D1F3F7CA0C7 /* Debug */ = {
			isa = XCBuildConfiguration;
			baseConfigurationReference = 9CB1F023D037D0DD7449F4B2 /* Pods-ForecastToday-ForecastTodayUITests.debug.xcconfig */;
			buildSettings = {
				CURRENT_PROJECT_VERSION = 1;
				GENERATE_INFOPLIST_FILE = YES;
				MARKETING_VERSION = 1.0;
				PRODUCT_BUNDLE_IDENTIFIER = com.company.ForecastTodayUITests;
				PRODUCT_NAME = "$(TARGET_NAME)";
				SWIFT_EMIT_LOC_STRINGS = NO;
				SWIFT_VERSION = 5.0;
				TARGETED_DEVICE_FAMILY = "1,2";
				TEST_TARGET_NAME = ForecastToday;
			};
			name = Debug;
		};
		DA73123BBFDD3F752A57FD54 /* Debug */ = {
			isa = XCBuildConfiguration;
			baseConfigurationReference = DFB485C1272EA5418CEE33C8 /* Pods-ForecastToday.debug.xcconfig */;
			buildSettings = {
				ASSETCATALOG_COMPILER_APPICON_NAME = AppIcon;
				ASSETCATALOG_COMPILER_GLOBAL_ACCENT_COLOR_NAME = AccentColor;
				CURRENT_PROJECT_VERSION = 1;
				DEVELOPMENT_ASSET_PATHS = "\"ForecastToday/Preview Content\"";
				ENABLE_PREVIEWS = YES;
				GENERATE_INFOPLIST_FILE = YES;
				INFOPLIST_FILE = ForecastToday/Info.plist;
				INFOPLIST_KEY_UIApplicationSceneManifest_Generation = YES;
				INFOPLIST_KEY_UIApplicationSupportsIndirectInputEvents = YES;
				INFOPLIST_KEY_UILaunchScreen_Generation = YES;
				INFOPLIST_KEY_UISupportedInterfaceOrientations_iPad = "UIInterfaceOrientationPortrait UIInterfaceOrientationPortraitUpsideDown UIInterfaceOrientationLandscapeLeft UIInterfaceOrientationLandscapeRight";
				INFOPLIST_KEY_UISupportedInterfaceOrientations_iPhone = "UIInterfaceOrientationPortrait UIInterfaceOrientationLandscapeLeft UIInterfaceOrientationLandscapeRight";
				LD_RUNPATH_SEARCH_PATHS = "$(inherited) @executable_path/Frameworks";
				MARKETING_VERSION = 1.0;
				OTHER_LDFLAGS = (
					"\"-Xlinker -interposable\"",
					"$(inherited)",
				);
				PRODUCT_BUNDLE_IDENTIFIER = com.company.ForecastToday;
				PRODUCT_NAME = "$(TARGET_NAME)";
				SWIFT_EMIT_LOC_STRINGS = YES;
				SWIFT_VERSION = 5.0;
				TARGETED_DEVICE_FAMILY = "1,2";
			};
			name = Debug;
		};
		DA7648F7A8EB00BC3E3486E7 /* Release */ = {
			isa = XCBuildConfiguration;
			baseConfigurationReference = 1C74B63AE731B93338DAE01C /* Pods-ForecastTodayTests.release.xcconfig */;
			buildSettings = {
				BUNDLE_LOADER = "$(BUILT_PRODUCTS_DIR)/ForecastToday.app/ForecastToday";
				CURRENT_PROJECT_VERSION = 1;
				GENERATE_INFOPLIST_FILE = YES;
				MARKETING_VERSION = 1.0;
				PRODUCT_BUNDLE_IDENTIFIER = com.company.ForecastTodayTests;
				PRODUCT_NAME = "$(TARGET_NAME)";
				SWIFT_EMIT_LOC_STRINGS = NO;
				SWIFT_VERSION = 5.0;
				TARGETED_DEVICE_FAMILY = "1,2";
				TEST_HOST = "$(BUNDLE_LOADER)";
			};
			name = Release;
		};
		DA786FB09A5184B784E1759D /* Release */ = {
			isa = XCBuildConfiguration;
			baseConfigurationReference = 50E6B271B9437536558250E6 /* Pods-ForecastToday-ForecastTodayUITests.release.xcconfig */;
			buildSettings = {
				CURRENT_PROJECT_VERSION = 1;
				GENERATE_INFOPLIST_FILE = YES;
				MARKETING_VERSION = 1.0;
				PRODUCT_BUNDLE_IDENTIFIER = com.company.ForecastTodayUITests;
				PRODUCT_NAME = "$(TARGET_NAME)";
				SWIFT_EMIT_LOC_STRINGS = NO;
				SWIFT_VERSION = 5.0;
				TARGETED_DEVICE_FAMILY = "1,2";
				TEST_TARGET_NAME = ForecastToday;
			};
			name = Release;
		};
		DA79785A7AA730A3227171EF /* Release */ = {
			isa = XCBuildConfiguration;
			baseConfigurationReference = 6E3A25AB27E808CE00E87184 /* release.xcconfig */;
			buildSettings = {
				ALWAYS_SEARCH_USER_PATHS = NO;
				CLANG_ANALYZER_LOCALIZABILITY_NONLOCALIZED = YES;
				CLANG_ANALYZER_NONNULL = YES;
				CLANG_ANALYZER_NUMBER_OBJECT_CONVERSION = YES_AGGRESSIVE;
				CLANG_CXX_LANGUAGE_STANDARD = "gnu++17";
				CLANG_ENABLE_MODULES = YES;
				CLANG_ENABLE_OBJC_ARC = YES;
				CLANG_ENABLE_OBJC_WEAK = YES;
				CLANG_WARN_BLOCK_CAPTURE_AUTORELEASING = YES;
				CLANG_WARN_BOOL_CONVERSION = YES;
				CLANG_WARN_COMMA = YES;
				CLANG_WARN_CONSTANT_CONVERSION = YES;
				CLANG_WARN_DEPRECATED_OBJC_IMPLEMENTATIONS = YES;
				CLANG_WARN_DIRECT_OBJC_ISA_USAGE = YES_ERROR;
				CLANG_WARN_DOCUMENTATION_COMMENTS = YES;
				CLANG_WARN_EMPTY_BODY = YES;
				CLANG_WARN_ENUM_CONVERSION = YES;
				CLANG_WARN_INFINITE_RECURSION = YES;
				CLANG_WARN_INT_CONVERSION = YES;
				CLANG_WARN_NON_LITERAL_NULL_CONVERSION = YES;
				CLANG_WARN_OBJC_IMPLICIT_RETAIN_SELF = YES;
				CLANG_WARN_OBJC_LITERAL_CONVERSION = YES;
				CLANG_WARN_OBJC_ROOT_CLASS = YES_ERROR;
				CLANG_WARN_QUOTED_INCLUDE_IN_FRAMEWORK_HEADER = YES;
				CLANG_WARN_RANGE_LOOP_ANALYSIS = YES;
				CLANG_WARN_STRICT_PROTOTYPES = YES;
				CLANG_WARN_SUSPICIOUS_MOVE = YES;
				CLANG_WARN_UNGUARDED_AVAILABILITY = YES_AGGRESSIVE;
				CLANG_WARN_UNREACHABLE_CODE = YES;
				CLANG_WARN__DUPLICATE_METHOD_MATCH = YES;
				COPY_PHASE_STRIP = NO;
				DEBUG_INFORMATION_FORMAT = "dwarf-with-dsym";
				ENABLE_NS_ASSERTIONS = NO;
				ENABLE_STRICT_OBJC_MSGSEND = YES;
				GCC_C_LANGUAGE_STANDARD = gnu11;
				GCC_NO_COMMON_BLOCKS = YES;
				GCC_WARN_64_TO_32_BIT_CONVERSION = YES;
				GCC_WARN_ABOUT_RETURN_TYPE = YES_ERROR;
				GCC_WARN_UNDECLARED_SELECTOR = YES;
				GCC_WARN_UNINITIALIZED_AUTOS = YES_AGGRESSIVE;
				GCC_WARN_UNUSED_FUNCTION = YES;
				GCC_WARN_UNUSED_VARIABLE = YES;
				IPHONEOS_DEPLOYMENT_TARGET = 15.4;
				MTL_ENABLE_DEBUG_INFO = NO;
				MTL_FAST_MATH = YES;
				SDKROOT = iphoneos;
				SWIFT_OPTIMIZATION_LEVEL = "-Owholemodule";
				VALIDATE_PRODUCT = YES;
			};
			name = Release;
		};
		DA7AB8BAB15871FF0CD7D8FD /* Debug */ = {
			isa = XCBuildConfiguration;
			baseConfigurationReference = 390F1EF2D6118151B22416CE /* Pods-ForecastTodayTests.debug.xcconfig */;
			buildSettings = {
				BUNDLE_LOADER = "$(BUILT_PRODUCTS_DIR)/ForecastToday.app/ForecastToday";
				CURRENT_PROJECT_VERSION = 1;
				GENERATE_INFOPLIST_FILE = YES;
				MARKETING_VERSION = 1.0;
				PRODUCT_BUNDLE_IDENTIFIER = com.company.ForecastTodayTests;
				PRODUCT_NAME = "$(TARGET_NAME)";
				SWIFT_EMIT_LOC_STRINGS = NO;
				SWIFT_VERSION = 5.0;
				TARGETED_DEVICE_FAMILY = "1,2";
				TEST_HOST = "$(BUNDLE_LOADER)";
			};
			name = Debug;
		};
		DA7B3ECD8474081558AC8EEC /* Debug */ = {
			isa = XCBuildConfiguration;
			baseConfigurationReference = 6E3A25A727E804F300E87184 /* debug.xcconfig */;
			buildSettings = {
				ALWAYS_SEARCH_USER_PATHS = NO;
				CLANG_ANALYZER_LOCALIZABILITY_NONLOCALIZED = YES;
				CLANG_ANALYZER_NONNULL = YES;
				CLANG_ANALYZER_NUMBER_OBJECT_CONVERSION = YES_AGGRESSIVE;
				CLANG_CXX_LANGUAGE_STANDARD = "gnu++17";
				CLANG_ENABLE_MODULES = YES;
				CLANG_ENABLE_OBJC_ARC = YES;
				CLANG_ENABLE_OBJC_WEAK = YES;
				CLANG_WARN_BLOCK_CAPTURE_AUTORELEASING = YES;
				CLANG_WARN_BOOL_CONVERSION = YES;
				CLANG_WARN_COMMA = YES;
				CLANG_WARN_CONSTANT_CONVERSION = YES;
				CLANG_WARN_DEPRECATED_OBJC_IMPLEMENTATIONS = YES;
				CLANG_WARN_DIRECT_OBJC_ISA_USAGE = YES_ERROR;
				CLANG_WARN_DOCUMENTATION_COMMENTS = YES;
				CLANG_WARN_EMPTY_BODY = YES;
				CLANG_WARN_ENUM_CONVERSION = YES;
				CLANG_WARN_INFINITE_RECURSION = YES;
				CLANG_WARN_INT_CONVERSION = YES;
				CLANG_WARN_NON_LITERAL_NULL_CONVERSION = YES;
				CLANG_WARN_OBJC_IMPLICIT_RETAIN_SELF = YES;
				CLANG_WARN_OBJC_LITERAL_CONVERSION = YES;
				CLANG_WARN_OBJC_ROOT_CLASS = YES_ERROR;
				CLANG_WARN_QUOTED_INCLUDE_IN_FRAMEWORK_HEADER = YES;
				CLANG_WARN_RANGE_LOOP_ANALYSIS = YES;
				CLANG_WARN_STRICT_PROTOTYPES = YES;
				CLANG_WARN_SUSPICIOUS_MOVE = YES;
				CLANG_WARN_UNGUARDED_AVAILABILITY = YES_AGGRESSIVE;
				CLANG_WARN_UNREACHABLE_CODE = YES;
				CLANG_WARN__DUPLICATE_METHOD_MATCH = YES;
				COPY_PHASE_STRIP = NO;
				DEBUG_INFORMATION_FORMAT = dwarf;
				ENABLE_STRICT_OBJC_MSGSEND = YES;
				ENABLE_TESTABILITY = YES;
				GCC_C_LANGUAGE_STANDARD = gnu11;
				GCC_DYNAMIC_NO_PIC = NO;
				GCC_NO_COMMON_BLOCKS = YES;
				GCC_OPTIMIZATION_LEVEL = 0;
				GCC_PREPROCESSOR_DEFINITIONS = (
					"DEBUG=1",
					"$(inherited)",
				);
				GCC_WARN_64_TO_32_BIT_CONVERSION = YES;
				GCC_WARN_ABOUT_RETURN_TYPE = YES_ERROR;
				GCC_WARN_UNDECLARED_SELECTOR = YES;
				GCC_WARN_UNINITIALIZED_AUTOS = YES_AGGRESSIVE;
				GCC_WARN_UNUSED_FUNCTION = YES;
				GCC_WARN_UNUSED_VARIABLE = YES;
				IPHONEOS_DEPLOYMENT_TARGET = 15.4;
				MTL_ENABLE_DEBUG_INFO = INCLUDE_SOURCE;
				MTL_FAST_MATH = YES;
				ONLY_ACTIVE_ARCH = YES;
				SDKROOT = iphoneos;
				SWIFT_ACTIVE_COMPILATION_CONDITIONS = DEBUG;
				SWIFT_OPTIMIZATION_LEVEL = "-Onone";
			};
			name = Debug;
		};
		DA7CB954EE1AA165A9412CB0 /* Release */ = {
			isa = XCBuildConfiguration;
			baseConfigurationReference = 73C73CDD214AD7768132EF9E /* Pods-ForecastToday.release.xcconfig */;
			buildSettings = {
				ASSETCATALOG_COMPILER_APPICON_NAME = AppIcon;
				ASSETCATALOG_COMPILER_GLOBAL_ACCENT_COLOR_NAME = AccentColor;
				CURRENT_PROJECT_VERSION = 1;
				DEVELOPMENT_ASSET_PATHS = "\"ForecastToday/Preview Content\"";
				ENABLE_PREVIEWS = YES;
				GENERATE_INFOPLIST_FILE = YES;
				INFOPLIST_FILE = ForecastToday/Info.plist;
				INFOPLIST_KEY_UIApplicationSceneManifest_Generation = YES;
				INFOPLIST_KEY_UIApplicationSupportsIndirectInputEvents = YES;
				INFOPLIST_KEY_UILaunchScreen_Generation = YES;
				INFOPLIST_KEY_UISupportedInterfaceOrientations_iPad = "UIInterfaceOrientationPortrait UIInterfaceOrientationPortraitUpsideDown UIInterfaceOrientationLandscapeLeft UIInterfaceOrientationLandscapeRight";
				INFOPLIST_KEY_UISupportedInterfaceOrientations_iPhone = "UIInterfaceOrientationPortrait UIInterfaceOrientationLandscapeLeft UIInterfaceOrientationLandscapeRight";
				LD_RUNPATH_SEARCH_PATHS = "$(inherited) @executable_path/Frameworks";
				MARKETING_VERSION = 1.0;
				OTHER_LDFLAGS = (
					"\"-Xlinker -interposable\"",
					"$(inherited)",
				);
				PRODUCT_BUNDLE_IDENTIFIER = com.company.ForecastToday;
				PRODUCT_NAME = "$(TARGET_NAME)";
				SWIFT_EMIT_LOC_STRINGS = YES;
				SWIFT_VERSION = 5.0;
				TARGETED_DEVICE_FAMILY = "1,2";
			};
			name = Release;
		};
/* End XCBuildConfiguration section */

/* Begin XCConfigurationList section */
		DA7117DB35FE52E934AFBB0A /* Build configuration list for PBXNativeTarget "ForecastTodayUITests" */ = {
			isa = XCConfigurationList;
			buildConfigurations = (
				DA730B2477EE3D1F3F7CA0C7 /* Debug */,
				DA786FB09A5184B784E1759D /* Release */,
			);
			defaultConfigurationIsVisible = 0;
			defaultConfigurationName = Release;
		};
		DA7356F1179C76197073DD6B /* Build configuration list for PBXProject "ForecastToday" */ = {
			isa = XCConfigurationList;
			buildConfigurations = (
				DA7B3ECD8474081558AC8EEC /* Debug */,
				DA79785A7AA730A3227171EF /* Release */,
			);
			defaultConfigurationIsVisible = 0;
			defaultConfigurationName = Release;
		};
		DA7C5FEFBAC54CBB6B717047 /* Build configuration list for PBXNativeTarget "ForecastToday" */ = {
			isa = XCConfigurationList;
			buildConfigurations = (
				DA73123BBFDD3F752A57FD54 /* Debug */,
				DA7CB954EE1AA165A9412CB0 /* Release */,
			);
			defaultConfigurationIsVisible = 0;
			defaultConfigurationName = Release;
		};
		DA7F497863E765531A6C52CC /* Build configuration list for PBXNativeTarget "ForecastTodayTests" */ = {
			isa = XCConfigurationList;
			buildConfigurations = (
				DA7AB8BAB15871FF0CD7D8FD /* Debug */,
				DA7648F7A8EB00BC3E3486E7 /* Release */,
			);
			defaultConfigurationIsVisible = 0;
			defaultConfigurationName = Release;
		};
/* End XCConfigurationList section */
	};
	rootObject = DA7B12F2BC2ACAB03CE27F34 /* Project object */;
}
